// !$*UTF8*$!
{
	archiveVersion = 1;
	classes = {
	};
	objectVersion = 46;
	objects = {

/* Begin PBXBuildFile section */
		591139D81B26E46A007FDEAD /* Suits.jpg in Resources */ = {isa = PBXBuildFile; fileRef = 591139D71B26E46A007FDEAD /* Suits.jpg */; };
		591139DA1B26F038007FDEAD /* Sense8.jpg in Resources */ = {isa = PBXBuildFile; fileRef = 591139D91B26F038007FDEAD /* Sense8.jpg */; };
		598A2F5E1B1A320F00E50202 /* Marvel's Daredevil.jpg in Resources */ = {isa = PBXBuildFile; fileRef = 598A2F5D1B1A320F00E50202 /* Marvel's Daredevil.jpg */; };
		598A2F601B1A323800E50202 /* TVList.json in Resources */ = {isa = PBXBuildFile; fileRef = 598A2F5F1B1A323800E50202 /* TVList.json */; };
		5999E1D41B1CBD3E00F601C5 /* A Bit of Fry and Laurie.jpg in Resources */ = {isa = PBXBuildFile; fileRef = 5999E1C01B1CBD3E00F601C5 /* A Bit of Fry and Laurie.jpg */; };
		5999E1D51B1CBD3E00F601C5 /* Ascension.jpg in Resources */ = {isa = PBXBuildFile; fileRef = 5999E1C11B1CBD3E00F601C5 /* Ascension.jpg */; };
		5999E1D61B1CBD3E00F601C5 /* Black Mirror.jpg in Resources */ = {isa = PBXBuildFile; fileRef = 5999E1C21B1CBD3E00F601C5 /* Black Mirror.jpg */; };
		5999E1D71B1CBD3E00F601C5 /* Burn Notice.jpg in Resources */ = {isa = PBXBuildFile; fileRef = 5999E1C31B1CBD3E00F601C5 /* Burn Notice.jpg */; };
		5999E1D81B1CBD3E00F601C5 /* Dollhouse.jpg in Resources */ = {isa = PBXBuildFile; fileRef = 5999E1C41B1CBD3E00F601C5 /* Dollhouse.jpg */; };
		5999E1D91B1CBD3E00F601C5 /* Downton Abbey.jpg in Resources */ = {isa = PBXBuildFile; fileRef = 5999E1C51B1CBD3E00F601C5 /* Downton Abbey.jpg */; };
		5999E1DA1B1CBD3E00F601C5 /* Empire.jpg in Resources */ = {isa = PBXBuildFile; fileRef = 5999E1C61B1CBD3E00F601C5 /* Empire.jpg */; };
		5999E1DB1B1CBD3E00F601C5 /* Helix.jpg in Resources */ = {isa = PBXBuildFile; fileRef = 5999E1C71B1CBD3E00F601C5 /* Helix.jpg */; };
		5999E1DC1B1CBD3E00F601C5 /* Popeye (75th Anniversary Collection).jpg in Resources */ = {isa = PBXBuildFile; fileRef = 5999E1C81B1CBD3E00F601C5 /* Popeye (75th Anniversary Collection).jpg */; };
		5999E1DD1B1CBD3E00F601C5 /* Scooby Doo.jpg in Resources */ = {isa = PBXBuildFile; fileRef = 5999E1C91B1CBD3E00F601C5 /* Scooby Doo.jpg */; };
		5999E1DE1B1CBD3E00F601C5 /* Scorpion.jpg in Resources */ = {isa = PBXBuildFile; fileRef = 5999E1CA1B1CBD3E00F601C5 /* Scorpion.jpg */; };
		5999E1DF1B1CBD3E00F601C5 /* Scrubs.jpg in Resources */ = {isa = PBXBuildFile; fileRef = 5999E1CB1B1CBD3E00F601C5 /* Scrubs.jpg */; };
		5999E1E01B1CBD3E00F601C5 /* Supergirl.jpg in Resources */ = {isa = PBXBuildFile; fileRef = 5999E1CC1B1CBD3E00F601C5 /* Supergirl.jpg */; };
		5999E1E11B1CBD3E00F601C5 /* Supernatural.jpg in Resources */ = {isa = PBXBuildFile; fileRef = 5999E1CD1B1CBD3E00F601C5 /* Supernatural.jpg */; };
		5999E1E21B1CBD3E00F601C5 /* The Flintstones.jpg in Resources */ = {isa = PBXBuildFile; fileRef = 5999E1CE1B1CBD3E00F601C5 /* The Flintstones.jpg */; };
		5999E1E31B1CBD3E00F601C5 /* The Simpsons.jpg in Resources */ = {isa = PBXBuildFile; fileRef = 5999E1CF1B1CBD3E00F601C5 /* The Simpsons.jpg */; };
		5999E1E41B1CBD3E00F601C5 /* The Sopranos.jpg in Resources */ = {isa = PBXBuildFile; fileRef = 5999E1D01B1CBD3E00F601C5 /* The Sopranos.jpg */; };
		5999E1E51B1CBD3E00F601C5 /* Wayward Pines.jpg in Resources */ = {isa = PBXBuildFile; fileRef = 5999E1D11B1CBD3E00F601C5 /* Wayward Pines.jpg */; };
		5999E1E61B1CBD3E00F601C5 /* Yes, Minister.jpg in Resources */ = {isa = PBXBuildFile; fileRef = 5999E1D21B1CBD3E00F601C5 /* Yes, Minister.jpg */; };
		5999E1E71B1CBD3E00F601C5 /* Yes, Prime Minister.jpg in Resources */ = {isa = PBXBuildFile; fileRef = 5999E1D31B1CBD3E00F601C5 /* Yes, Prime Minister.jpg */; };
		59CB8AD71B19B99F001A683C /* main.m in Sources */ = {isa = PBXBuildFile; fileRef = 59CB8AD61B19B99F001A683C /* main.m */; };
		59CB8ADA1B19B99F001A683C /* AppDelegate.m in Sources */ = {isa = PBXBuildFile; fileRef = 59CB8AD91B19B99F001A683C /* AppDelegate.m */; };
		59CB8AE31B19B99F001A683C /* Main.storyboard in Resources */ = {isa = PBXBuildFile; fileRef = 59CB8AE11B19B99F001A683C /* Main.storyboard */; };
		59CB8AE51B19B99F001A683C /* Images.xcassets in Resources */ = {isa = PBXBuildFile; fileRef = 59CB8AE41B19B99F001A683C /* Images.xcassets */; };
		59CB8AF41B19B99F001A683C /* ListingTests.m in Sources */ = {isa = PBXBuildFile; fileRef = 59CB8AF31B19B99F001A683C /* ListingTests.m */; };
		59CB8B0D1B19BA9F001A683C /* AddViewController.m in Sources */ = {isa = PBXBuildFile; fileRef = 59CB8AFF1B19BA9F001A683C /* AddViewController.m */; };
		59CB8B0E1B19BA9F001A683C /* DJB A Bit of Flaire.ttf in Resources */ = {isa = PBXBuildFile; fileRef = 59CB8B001B19BA9F001A683C /* DJB A Bit of Flaire.ttf */; };
		59CB8B0F1B19BA9F001A683C /* EtelkaNarrowTextPro.otf in Resources */ = {isa = PBXBuildFile; fileRef = 59CB8B011B19BA9F001A683C /* EtelkaNarrowTextPro.otf */; };
		59CB8B101B19BA9F001A683C /* LaunchScreen.xib in Resources */ = {isa = PBXBuildFile; fileRef = 59CB8B021B19BA9F001A683C /* LaunchScreen.xib */; };
		59CB8B111B19BA9F001A683C /* MovieIcon.png in Resources */ = {isa = PBXBuildFile; fileRef = 59CB8B031B19BA9F001A683C /* MovieIcon.png */; };
		59CB8B121B19BA9F001A683C /* MoviesArray.json in Resources */ = {isa = PBXBuildFile; fileRef = 59CB8B041B19BA9F001A683C /* MoviesArray.json */; };
		59CB8B131B19BA9F001A683C /* TableCell.m in Sources */ = {isa = PBXBuildFile; fileRef = 59CB8B061B19BA9F001A683C /* TableCell.m */; };
		59CB8B141B19BA9F001A683C /* Tall Films Expanded.ttf in Resources */ = {isa = PBXBuildFile; fileRef = 59CB8B071B19BA9F001A683C /* Tall Films Expanded.ttf */; };
		59CB8B151B19BA9F001A683C /* TextFieldOutline.png in Resources */ = {isa = PBXBuildFile; fileRef = 59CB8B081B19BA9F001A683C /* TextFieldOutline.png */; };
		59CB8B161B19BA9F001A683C /* tick.png in Resources */ = {isa = PBXBuildFile; fileRef = 59CB8B091B19BA9F001A683C /* tick.png */; };
		59CB8B171B19BA9F001A683C /* topView.m in Sources */ = {isa = PBXBuildFile; fileRef = 59CB8B0B1B19BA9F001A683C /* topView.m */; };
		59CB8B181B19BA9F001A683C /* topView.xib in Resources */ = {isa = PBXBuildFile; fileRef = 59CB8B0C1B19BA9F001A683C /* topView.xib */; };
		59CB8B1B1B19BB7B001A683C /* TableViewController.m in Sources */ = {isa = PBXBuildFile; fileRef = 59CB8B1A1B19BB7B001A683C /* TableViewController.m */; };
		59CB8B871B19C902001A683C /* DetailViewController.m in Sources */ = {isa = PBXBuildFile; fileRef = 59CB8B1F1B19C902001A683C /* DetailViewController.m */; };
		59CB8B881B19C902001A683C /* ShowsTableViewController.m in Sources */ = {isa = PBXBuildFile; fileRef = 59CB8B211B19C902001A683C /* ShowsTableViewController.m */; };
		59CB8B891B19C902001A683C /* TableViewCell.m in Sources */ = {isa = PBXBuildFile; fileRef = 59CB8B231B19C902001A683C /* TableViewCell.m */; };
		59CB8B8A1B19C902001A683C /* topView2.m in Sources */ = {isa = PBXBuildFile; fileRef = 59CB8B251B19C902001A683C /* topView2.m */; };
		59CB8B8B1B19C902001A683C /* topView2.xib in Resources */ = {isa = PBXBuildFile; fileRef = 59CB8B261B19C902001A683C /* topView2.xib */; };
		59CB8B8C1B19C902001A683C /* TVIcon.png in Resources */ = {isa = PBXBuildFile; fileRef = 59CB8B271B19C902001A683C /* TVIcon.png */; };
		59CB8B8D1B19C902001A683C /* TVShow.m in Sources */ = {isa = PBXBuildFile; fileRef = 59CB8B291B19C902001A683C /* TVShow.m */; };
		59CB8B8E1B19C902001A683C /* 12 Monkeys.jpg in Resources */ = {isa = PBXBuildFile; fileRef = 59CB8B2B1B19C902001A683C /* 12 Monkeys.jpg */; };
		59CB8B8F1B19C902001A683C /* 24.jpg in Resources */ = {isa = PBXBuildFile; fileRef = 59CB8B2C1B19C902001A683C /* 24.jpg */; };
		59CB8B901B19C902001A683C /* American Horror Story.jpg in Resources */ = {isa = PBXBuildFile; fileRef = 59CB8B2D1B19C902001A683C /* American Horror Story.jpg */; };
		59CB8B911B19C902001A683C /* Archer.jpg in Resources */ = {isa = PBXBuildFile; fileRef = 59CB8B2E1B19C902001A683C /* Archer.jpg */; };
		59CB8B921B19C902001A683C /* Arrested Developement.jpg in Resources */ = {isa = PBXBuildFile; fileRef = 59CB8B2F1B19C902001A683C /* Arrested Developement.jpg */; };
		59CB8B931B19C902001A683C /* Arrow.jpg in Resources */ = {isa = PBXBuildFile; fileRef = 59CB8B301B19C902001A683C /* Arrow.jpg */; };
		59CB8B941B19C902001A683C /* Attack on Titan.jpg in Resources */ = {isa = PBXBuildFile; fileRef = 59CB8B311B19C902001A683C /* Attack on Titan.jpg */; };
		59CB8B951B19C902001A683C /* Bates Motel.jpg in Resources */ = {isa = PBXBuildFile; fileRef = 59CB8B321B19C902001A683C /* Bates Motel.jpg */; };
		59CB8B961B19C902001A683C /* Battlestar Galactica.jpg in Resources */ = {isa = PBXBuildFile; fileRef = 59CB8B331B19C902001A683C /* Battlestar Galactica.jpg */; };
		59CB8B971B19C902001A683C /* Better Call Saul.jpg in Resources */ = {isa = PBXBuildFile; fileRef = 59CB8B341B19C902001A683C /* Better Call Saul.jpg */; };
		59CB8B981B19C902001A683C /* Bones.jpg in Resources */ = {isa = PBXBuildFile; fileRef = 59CB8B351B19C902001A683C /* Bones.jpg */; };
		59CB8B991B19C902001A683C /* Boston Legal.jpg in Resources */ = {isa = PBXBuildFile; fileRef = 59CB8B361B19C902001A683C /* Boston Legal.jpg */; };
		59CB8B9A1B19C902001A683C /* Boy Meets World.jpg in Resources */ = {isa = PBXBuildFile; fileRef = 59CB8B371B19C902001A683C /* Boy Meets World.jpg */; };
		59CB8B9B1B19C902001A683C /* Breaking Bad.jpg in Resources */ = {isa = PBXBuildFile; fileRef = 59CB8B381B19C902001A683C /* Breaking Bad.jpg */; };
		59CB8B9C1B19C902001A683C /* Brooklyn Nine-Nine.jpg in Resources */ = {isa = PBXBuildFile; fileRef = 59CB8B391B19C902001A683C /* Brooklyn Nine-Nine.jpg */; };
		59CB8B9D1B19C902001A683C /* Buffy the Vampire Slayer.jpg in Resources */ = {isa = PBXBuildFile; fileRef = 59CB8B3A1B19C902001A683C /* Buffy the Vampire Slayer.jpg */; };
		59CB8B9E1B19C902001A683C /* Castle.jpg in Resources */ = {isa = PBXBuildFile; fileRef = 59CB8B3B1B19C902001A683C /* Castle.jpg */; };
		59CB8B9F1B19C902001A683C /* Community.jpg in Resources */ = {isa = PBXBuildFile; fileRef = 59CB8B3C1B19C902001A683C /* Community.jpg */; };
		59CB8BA01B19C902001A683C /* Cosmos - A Personal Voyage.jpg in Resources */ = {isa = PBXBuildFile; fileRef = 59CB8B3D1B19C902001A683C /* Cosmos - A Personal Voyage.jpg */; };
		59CB8BA11B19C902001A683C /* Cosmos - A Spacetime Odessy.jpg in Resources */ = {isa = PBXBuildFile; fileRef = 59CB8B3E1B19C902001A683C /* Cosmos - A Spacetime Odessy.jpg */; };
		59CB8BA21B19C902001A683C /* Coupling.jpg in Resources */ = {isa = PBXBuildFile; fileRef = 59CB8B3F1B19C902001A683C /* Coupling.jpg */; };
		59CB8BA31B19C902001A683C /* Criminal Minds.jpg in Resources */ = {isa = PBXBuildFile; fileRef = 59CB8B401B19C902001A683C /* Criminal Minds.jpg */; };
		59CB8BA41B19C902001A683C /* Da Vinci's Demons.jpg in Resources */ = {isa = PBXBuildFile; fileRef = 59CB8B411B19C902001A683C /* Da Vinci's Demons.jpg */; };
		59CB8BA61B19C902001A683C /* Death Note.jpg in Resources */ = {isa = PBXBuildFile; fileRef = 59CB8B431B19C902001A683C /* Death Note.jpg */; };
		59CB8BA71B19C902001A683C /* Dexter.jpg in Resources */ = {isa = PBXBuildFile; fileRef = 59CB8B441B19C902001A683C /* Dexter.jpg */; };
		59CB8BA81B19C902001A683C /* Doctor Who.jpg in Resources */ = {isa = PBXBuildFile; fileRef = 59CB8B451B19C902001A683C /* Doctor Who.jpg */; };
		59CB8BA91B19C902001A683C /* Dragon Ball GT.jpg in Resources */ = {isa = PBXBuildFile; fileRef = 59CB8B461B19C902001A683C /* Dragon Ball GT.jpg */; };
		59CB8BAA1B19C902001A683C /* Dragon Ball Z.jpg in Resources */ = {isa = PBXBuildFile; fileRef = 59CB8B471B19C902001A683C /* Dragon Ball Z.jpg */; };
		59CB8BAB1B19C902001A683C /* Entourage.jpg in Resources */ = {isa = PBXBuildFile; fileRef = 59CB8B481B19C902001A683C /* Entourage.jpg */; };
		59CB8BAC1B19C902001A683C /* Fargo.jpg in Resources */ = {isa = PBXBuildFile; fileRef = 59CB8B491B19C902001A683C /* Fargo.jpg */; };
		59CB8BAD1B19C902001A683C /* Firefly.jpg in Resources */ = {isa = PBXBuildFile; fileRef = 59CB8B4A1B19C902001A683C /* Firefly.jpg */; };
		59CB8BAE1B19C902001A683C /* Friends.jpg in Resources */ = {isa = PBXBuildFile; fileRef = 59CB8B4B1B19C902001A683C /* Friends.jpg */; };
		59CB8BAF1B19C902001A683C /* Fringe.jpg in Resources */ = {isa = PBXBuildFile; fileRef = 59CB8B4C1B19C902001A683C /* Fringe.jpg */; };
		59CB8BB01B19C902001A683C /* Game of Thrones.jpg in Resources */ = {isa = PBXBuildFile; fileRef = 59CB8B4D1B19C902001A683C /* Game of Thrones.jpg */; };
		59CB8BB11B19C902001A683C /* Gotham.jpg in Resources */ = {isa = PBXBuildFile; fileRef = 59CB8B4E1B19C902001A683C /* Gotham.jpg */; };
		59CB8BB21B19C902001A683C /* Gracepoint.jpg in Resources */ = {isa = PBXBuildFile; fileRef = 59CB8B4F1B19C902001A683C /* Gracepoint.jpg */; };
		59CB8BB31B19C902001A683C /* Hannibal.jpg in Resources */ = {isa = PBXBuildFile; fileRef = 59CB8B501B19C902001A683C /* Hannibal.jpg */; };
		59CB8BB41B19C902001A683C /* Homeland.jpg in Resources */ = {isa = PBXBuildFile; fileRef = 59CB8B511B19C902001A683C /* Homeland.jpg */; };
		59CB8BB51B19C902001A683C /* House MD.jpg in Resources */ = {isa = PBXBuildFile; fileRef = 59CB8B521B19C902001A683C /* House MD.jpg */; };
		59CB8BB61B19C902001A683C /* House of Cards.jpg in Resources */ = {isa = PBXBuildFile; fileRef = 59CB8B531B19C902001A683C /* House of Cards.jpg */; };
		59CB8BB71B19C902001A683C /* How I Met Your Mother.jpg in Resources */ = {isa = PBXBuildFile; fileRef = 59CB8B541B19C902001A683C /* How I Met Your Mother.jpg */; };
		59CB8BB81B19C902001A683C /* How to Get Away with Murder.jpg in Resources */ = {isa = PBXBuildFile; fileRef = 59CB8B551B19C902001A683C /* How to Get Away with Murder.jpg */; };
		59CB8BB91B19C902001A683C /* Intelligence US.jpg in Resources */ = {isa = PBXBuildFile; fileRef = 59CB8B561B19C902001A683C /* Intelligence US.jpg */; };
		59CB8BBA1B19C902001A683C /* iZombie.jpg in Resources */ = {isa = PBXBuildFile; fileRef = 59CB8B571B19C902001A683C /* iZombie.jpg */; };
		59CB8BBB1B19C902001A683C /* Joey.jpg in Resources */ = {isa = PBXBuildFile; fileRef = 59CB8B581B19C902001A683C /* Joey.jpg */; };
		59CB8BBC1B19C902001A683C /* Mad Men.jpg in Resources */ = {isa = PBXBuildFile; fileRef = 59CB8B591B19C902001A683C /* Mad Men.jpg */; };
		59CB8BBD1B19C902001A683C /* Malcolm in the Middle.jpg in Resources */ = {isa = PBXBuildFile; fileRef = 59CB8B5A1B19C902001A683C /* Malcolm in the Middle.jpg */; };
		59CB8BBE1B19C902001A683C /* Marvel's Agent Carter.jpg in Resources */ = {isa = PBXBuildFile; fileRef = 59CB8B5B1B19C902001A683C /* Marvel's Agent Carter.jpg */; };
		59CB8BBF1B19C902001A683C /* Marvel's Agents of SHIELD.jpg in Resources */ = {isa = PBXBuildFile; fileRef = 59CB8B5C1B19C902001A683C /* Marvel's Agents of SHIELD.jpg */; };
		59CB8BC01B19C902001A683C /* Masters of Sex.jpg in Resources */ = {isa = PBXBuildFile; fileRef = 59CB8B5D1B19C902001A683C /* Masters of Sex.jpg */; };
		59CB8BC11B19C902001A683C /* Men At Work.jpg in Resources */ = {isa = PBXBuildFile; fileRef = 59CB8B5E1B19C902001A683C /* Men At Work.jpg */; };
		59CB8BC21B19C902001A683C /* Modern Family.jpg in Resources */ = {isa = PBXBuildFile; fileRef = 59CB8B5F1B19C902001A683C /* Modern Family.jpg */; };
		59CB8BC31B19C902001A683C /* Mr. Bean.jpg in Resources */ = {isa = PBXBuildFile; fileRef = 59CB8B601B19C902001A683C /* Mr. Bean.jpg */; };
		59CB8BC41B19C902001A683C /* Olive Kitteridge.jpg in Resources */ = {isa = PBXBuildFile; fileRef = 59CB8B611B19C902001A683C /* Olive Kitteridge.jpg */; };
		59CB8BC51B19C902001A683C /* Once Upon a Time.jpg in Resources */ = {isa = PBXBuildFile; fileRef = 59CB8B621B19C902001A683C /* Once Upon a Time.jpg */; };
		59CB8BC61B19C902001A683C /* Orange is the New Black.jpg in Resources */ = {isa = PBXBuildFile; fileRef = 59CB8B631B19C902001A683C /* Orange is the New Black.jpg */; };
		59CB8BC71B19C902001A683C /* Orphan Black.jpg in Resources */ = {isa = PBXBuildFile; fileRef = 59CB8B641B19C902001A683C /* Orphan Black.jpg */; };
		59CB8BC81B19C902001A683C /* Parks and Recreation.jpg in Resources */ = {isa = PBXBuildFile; fileRef = 59CB8B651B19C902001A683C /* Parks and Recreation.jpg */; };
		59CB8BC91B19C902001A683C /* Penny Dreadful.jpg in Resources */ = {isa = PBXBuildFile; fileRef = 59CB8B661B19C902001A683C /* Penny Dreadful.jpg */; };
		59CB8BCA1B19C902001A683C /* Person of Interest.jpg in Resources */ = {isa = PBXBuildFile; fileRef = 59CB8B671B19C902001A683C /* Person of Interest.jpg */; };
		59CB8BCB1B19C902001A683C /* Planet Earth.jpg in Resources */ = {isa = PBXBuildFile; fileRef = 59CB8B681B19C902001A683C /* Planet Earth.jpg */; };
		59CB8BCC1B19C902001A683C /* Prison Break.jpg in Resources */ = {isa = PBXBuildFile; fileRef = 59CB8B691B19C902001A683C /* Prison Break.jpg */; };
		59CB8BCD1B19C902001A683C /* Rick and Morty.jpg in Resources */ = {isa = PBXBuildFile; fileRef = 59CB8B6A1B19C902001A683C /* Rick and Morty.jpg */; };
		59CB8BCE1B19C902001A683C /* Seinfeld.jpg in Resources */ = {isa = PBXBuildFile; fileRef = 59CB8B6B1B19C902001A683C /* Seinfeld.jpg */; };
		59CB8BCF1B19C902001A683C /* Sherlock.jpg in Resources */ = {isa = PBXBuildFile; fileRef = 59CB8B6C1B19C902001A683C /* Sherlock.jpg */; };
		59CB8BD01B19C902001A683C /* Silicon Valley.jpg in Resources */ = {isa = PBXBuildFile; fileRef = 59CB8B6D1B19C902001A683C /* Silicon Valley.jpg */; };
		59CB8BD11B19C902001A683C /* Sleepy Hollow.jpg in Resources */ = {isa = PBXBuildFile; fileRef = 59CB8B6E1B19C902001A683C /* Sleepy Hollow.jpg */; };
		59CB8BD21B19C902001A683C /* Spaced.jpg in Resources */ = {isa = PBXBuildFile; fileRef = 59CB8B6F1B19C902001A683C /* Spaced.jpg */; };
		59CB8BD31B19C902001A683C /* Star Wars - The Clone Wars.jpg in Resources */ = {isa = PBXBuildFile; fileRef = 59CB8B701B19C902001A683C /* Star Wars - The Clone Wars.jpg */; };
		59CB8BD41B19C902001A683C /* Star Wars Rebels.jpg in Resources */ = {isa = PBXBuildFile; fileRef = 59CB8B711B19C902001A683C /* Star Wars Rebels.jpg */; };
		59CB8BD51B19C902001A683C /* The Adventures of Sherlock Holmes.jpg in Resources */ = {isa = PBXBuildFile; fileRef = 59CB8B721B19C902001A683C /* The Adventures of Sherlock Holmes.jpg */; };
		59CB8BD61B19C902001A683C /* The Big Bang Theory.jpg in Resources */ = {isa = PBXBuildFile; fileRef = 59CB8B731B19C902001A683C /* The Big Bang Theory.jpg */; };
		59CB8BD71B19C902001A683C /* The Blacklist.jpg in Resources */ = {isa = PBXBuildFile; fileRef = 59CB8B741B19C902001A683C /* The Blacklist.jpg */; };
		59CB8BD81B19C902001A683C /* The Crazy Ones.jpg in Resources */ = {isa = PBXBuildFile; fileRef = 59CB8B751B19C902001A683C /* The Crazy Ones.jpg */; };
		59CB8BD91B19C902001A683C /* The Cyanide and Happiness Show.jpg in Resources */ = {isa = PBXBuildFile; fileRef = 59CB8B761B19C902001A683C /* The Cyanide and Happiness Show.jpg */; };
		59CB8BDA1B19C902001A683C /* The Flash.jpg in Resources */ = {isa = PBXBuildFile; fileRef = 59CB8B771B19C902001A683C /* The Flash.jpg */; };
		59CB8BDB1B19C902001A683C /* The Following.jpg in Resources */ = {isa = PBXBuildFile; fileRef = 59CB8B781B19C902001A683C /* The Following.jpg */; };
		59CB8BDC1B19C902001A683C /* The IT Crowd.jpg in Resources */ = {isa = PBXBuildFile; fileRef = 59CB8B791B19C902001A683C /* The IT Crowd.jpg */; };
		59CB8BDD1B19C902001A683C /* The Last Man on Earth.jpg in Resources */ = {isa = PBXBuildFile; fileRef = 59CB8B7A1B19C902001A683C /* The Last Man on Earth.jpg */; };
		59CB8BDE1B19C902001A683C /* The Office.jpg in Resources */ = {isa = PBXBuildFile; fileRef = 59CB8B7B1B19C902001A683C /* The Office.jpg */; };
		59CB8BDF1B19C902001A683C /* The Thick of It.jpg in Resources */ = {isa = PBXBuildFile; fileRef = 59CB8B7C1B19C902001A683C /* The Thick of It.jpg */; };
		59CB8BE01B19C902001A683C /* The Walking Dead.jpg in Resources */ = {isa = PBXBuildFile; fileRef = 59CB8B7D1B19C902001A683C /* The Walking Dead.jpg */; };
		59CB8BE11B19C902001A683C /* The Wire.jpg in Resources */ = {isa = PBXBuildFile; fileRef = 59CB8B7E1B19C902001A683C /* The Wire.jpg */; };
		59CB8BE21B19C902001A683C /* Torchwood.jpg in Resources */ = {isa = PBXBuildFile; fileRef = 59CB8B7F1B19C902001A683C /* Torchwood.jpg */; };
		59CB8BE31B19C902001A683C /* True Blood.jpg in Resources */ = {isa = PBXBuildFile; fileRef = 59CB8B801B19C902001A683C /* True Blood.jpg */; };
		59CB8BE41B19C902001A683C /* True Detective.jpg in Resources */ = {isa = PBXBuildFile; fileRef = 59CB8B811B19C902001A683C /* True Detective.jpg */; };
		59CB8BE51B19C902001A683C /* Two and a Half Men.jpg in Resources */ = {isa = PBXBuildFile; fileRef = 59CB8B821B19C902001A683C /* Two and a Half Men.jpg */; };
		59CB8BE61B19C902001A683C /* Under the Dome.jpg in Resources */ = {isa = PBXBuildFile; fileRef = 59CB8B831B19C902001A683C /* Under the Dome.jpg */; };
		59CB8BE71B19C902001A683C /* Utopia.jpg in Resources */ = {isa = PBXBuildFile; fileRef = 59CB8B841B19C902001A683C /* Utopia.jpg */; };
		59CB8BE81B19C902001A683C /* Vikings.jpg in Resources */ = {isa = PBXBuildFile; fileRef = 59CB8B851B19C902001A683C /* Vikings.jpg */; };
		59CB8BE91B19C902001A683C /* White Collar.jpg in Resources */ = {isa = PBXBuildFile; fileRef = 59CB8B861B19C902001A683C /* White Collar.jpg */; };
		59CD31A71B1ED360007B4594 /* Angel.jpg in Resources */ = {isa = PBXBuildFile; fileRef = 59CD31A51B1ED360007B4594 /* Angel.jpg */; };
		59CD31A81B1ED360007B4594 /* Mr Robot.jpg in Resources */ = {isa = PBXBuildFile; fileRef = 59CD31A61B1ED360007B4594 /* Mr Robot.jpg */; };
/* End PBXBuildFile section */

/* Begin PBXContainerItemProxy section */
		59CB8AEE1B19B99F001A683C /* PBXContainerItemProxy */ = {
			isa = PBXContainerItemProxy;
			containerPortal = 59CB8AC91B19B99F001A683C /* Project object */;
			proxyType = 1;
			remoteGlobalIDString = 59CB8AD01B19B99F001A683C;
			remoteInfo = Listing;
		};
/* End PBXContainerItemProxy section */

/* Begin PBXFileReference section */
		591139D71B26E46A007FDEAD /* Suits.jpg */ = {isa = PBXFileReference; lastKnownFileType = image.jpeg; path = Suits.jpg; sourceTree = "<group>"; };
		591139D91B26F038007FDEAD /* Sense8.jpg */ = {isa = PBXFileReference; lastKnownFileType = image.jpeg; path = Sense8.jpg; sourceTree = "<group>"; };
		598A2F5D1B1A320F00E50202 /* Marvel's Daredevil.jpg */ = {isa = PBXFileReference; lastKnownFileType = image.jpeg; path = "Marvel's Daredevil.jpg"; sourceTree = "<group>"; };
		598A2F5F1B1A323800E50202 /* TVList.json */ = {isa = PBXFileReference; fileEncoding = 4; lastKnownFileType = text.json; path = TVList.json; sourceTree = "<group>"; };
		5999E1C01B1CBD3E00F601C5 /* A Bit of Fry and Laurie.jpg */ = {isa = PBXFileReference; lastKnownFileType = image.jpeg; path = "A Bit of Fry and Laurie.jpg"; sourceTree = "<group>"; };
		5999E1C11B1CBD3E00F601C5 /* Ascension.jpg */ = {isa = PBXFileReference; lastKnownFileType = image.jpeg; path = Ascension.jpg; sourceTree = "<group>"; };
		5999E1C21B1CBD3E00F601C5 /* Black Mirror.jpg */ = {isa = PBXFileReference; lastKnownFileType = image.jpeg; path = "Black Mirror.jpg"; sourceTree = "<group>"; };
		5999E1C31B1CBD3E00F601C5 /* Burn Notice.jpg */ = {isa = PBXFileReference; lastKnownFileType = image.jpeg; path = "Burn Notice.jpg"; sourceTree = "<group>"; };
		5999E1C41B1CBD3E00F601C5 /* Dollhouse.jpg */ = {isa = PBXFileReference; lastKnownFileType = image.jpeg; path = Dollhouse.jpg; sourceTree = "<group>"; };
		5999E1C51B1CBD3E00F601C5 /* Downton Abbey.jpg */ = {isa = PBXFileReference; lastKnownFileType = image.jpeg; path = "Downton Abbey.jpg"; sourceTree = "<group>"; };
		5999E1C61B1CBD3E00F601C5 /* Empire.jpg */ = {isa = PBXFileReference; lastKnownFileType = image.jpeg; path = Empire.jpg; sourceTree = "<group>"; };
		5999E1C71B1CBD3E00F601C5 /* Helix.jpg */ = {isa = PBXFileReference; lastKnownFileType = image.jpeg; path = Helix.jpg; sourceTree = "<group>"; };
		5999E1C81B1CBD3E00F601C5 /* Popeye (75th Anniversary Collection).jpg */ = {isa = PBXFileReference; lastKnownFileType = image.jpeg; path = "Popeye (75th Anniversary Collection).jpg"; sourceTree = "<group>"; };
		5999E1C91B1CBD3E00F601C5 /* Scooby Doo.jpg */ = {isa = PBXFileReference; lastKnownFileType = image.jpeg; path = "Scooby Doo.jpg"; sourceTree = "<group>"; };
		5999E1CA1B1CBD3E00F601C5 /* Scorpion.jpg */ = {isa = PBXFileReference; lastKnownFileType = image.jpeg; path = Scorpion.jpg; sourceTree = "<group>"; };
		5999E1CB1B1CBD3E00F601C5 /* Scrubs.jpg */ = {isa = PBXFileReference; lastKnownFileType = image.jpeg; path = Scrubs.jpg; sourceTree = "<group>"; };
		5999E1CC1B1CBD3E00F601C5 /* Supergirl.jpg */ = {isa = PBXFileReference; lastKnownFileType = image.jpeg; path = Supergirl.jpg; sourceTree = "<group>"; };
		5999E1CD1B1CBD3E00F601C5 /* Supernatural.jpg */ = {isa = PBXFileReference; lastKnownFileType = image.jpeg; path = Supernatural.jpg; sourceTree = "<group>"; };
		5999E1CE1B1CBD3E00F601C5 /* The Flintstones.jpg */ = {isa = PBXFileReference; lastKnownFileType = image.jpeg; path = "The Flintstones.jpg"; sourceTree = "<group>"; };
		5999E1CF1B1CBD3E00F601C5 /* The Simpsons.jpg */ = {isa = PBXFileReference; lastKnownFileType = image.jpeg; path = "The Simpsons.jpg"; sourceTree = "<group>"; };
		5999E1D01B1CBD3E00F601C5 /* The Sopranos.jpg */ = {isa = PBXFileReference; lastKnownFileType = image.jpeg; path = "The Sopranos.jpg"; sourceTree = "<group>"; };
		5999E1D11B1CBD3E00F601C5 /* Wayward Pines.jpg */ = {isa = PBXFileReference; lastKnownFileType = image.jpeg; path = "Wayward Pines.jpg"; sourceTree = "<group>"; };
		5999E1D21B1CBD3E00F601C5 /* Yes, Minister.jpg */ = {isa = PBXFileReference; lastKnownFileType = image.jpeg; path = "Yes, Minister.jpg"; sourceTree = "<group>"; };
		5999E1D31B1CBD3E00F601C5 /* Yes, Prime Minister.jpg */ = {isa = PBXFileReference; lastKnownFileType = image.jpeg; path = "Yes, Prime Minister.jpg"; sourceTree = "<group>"; };
		59CB8AD11B19B99F001A683C /* Listing.app */ = {isa = PBXFileReference; explicitFileType = wrapper.application; includeInIndex = 0; path = Listing.app; sourceTree = BUILT_PRODUCTS_DIR; };
		59CB8AD51B19B99F001A683C /* Info.plist */ = {isa = PBXFileReference; lastKnownFileType = text.plist.xml; path = Info.plist; sourceTree = "<group>"; };
		59CB8AD61B19B99F001A683C /* main.m */ = {isa = PBXFileReference; lastKnownFileType = sourcecode.c.objc; path = main.m; sourceTree = "<group>"; };
		59CB8AD81B19B99F001A683C /* AppDelegate.h */ = {isa = PBXFileReference; lastKnownFileType = sourcecode.c.h; path = AppDelegate.h; sourceTree = "<group>"; };
		59CB8AD91B19B99F001A683C /* AppDelegate.m */ = {isa = PBXFileReference; lastKnownFileType = sourcecode.c.objc; path = AppDelegate.m; sourceTree = "<group>"; };
		59CB8AE21B19B99F001A683C /* Base */ = {isa = PBXFileReference; lastKnownFileType = file.storyboard; name = Base; path = Base.lproj/Main.storyboard; sourceTree = "<group>"; };
		59CB8AE41B19B99F001A683C /* Images.xcassets */ = {isa = PBXFileReference; lastKnownFileType = folder.assetcatalog; path = Images.xcassets; sourceTree = "<group>"; };
		59CB8AED1B19B99F001A683C /* ListingTests.xctest */ = {isa = PBXFileReference; explicitFileType = wrapper.cfbundle; includeInIndex = 0; path = ListingTests.xctest; sourceTree = BUILT_PRODUCTS_DIR; };
		59CB8AF21B19B99F001A683C /* Info.plist */ = {isa = PBXFileReference; lastKnownFileType = text.plist.xml; path = Info.plist; sourceTree = "<group>"; };
		59CB8AF31B19B99F001A683C /* ListingTests.m */ = {isa = PBXFileReference; lastKnownFileType = sourcecode.c.objc; path = ListingTests.m; sourceTree = "<group>"; };
		59CB8AFE1B19BA9F001A683C /* AddViewController.h */ = {isa = PBXFileReference; fileEncoding = 4; lastKnownFileType = sourcecode.c.h; path = AddViewController.h; sourceTree = "<group>"; };
		59CB8AFF1B19BA9F001A683C /* AddViewController.m */ = {isa = PBXFileReference; fileEncoding = 4; lastKnownFileType = sourcecode.c.objc; path = AddViewController.m; sourceTree = "<group>"; };
		59CB8B001B19BA9F001A683C /* DJB A Bit of Flaire.ttf */ = {isa = PBXFileReference; lastKnownFileType = file; name = "DJB A Bit of Flaire.ttf"; path = "Movies/DJB A Bit of Flaire.ttf"; sourceTree = "<group>"; };
		59CB8B011B19BA9F001A683C /* EtelkaNarrowTextPro.otf */ = {isa = PBXFileReference; lastKnownFileType = file; name = EtelkaNarrowTextPro.otf; path = Movies/EtelkaNarrowTextPro.otf; sourceTree = "<group>"; };
		59CB8B021B19BA9F001A683C /* LaunchScreen.xib */ = {isa = PBXFileReference; fileEncoding = 4; lastKnownFileType = file.xib; name = LaunchScreen.xib; path = Movies/LaunchScreen.xib; sourceTree = "<group>"; };
		59CB8B031B19BA9F001A683C /* MovieIcon.png */ = {isa = PBXFileReference; lastKnownFileType = image.png; name = MovieIcon.png; path = Movies/MovieIcon.png; sourceTree = "<group>"; };
		59CB8B041B19BA9F001A683C /* MoviesArray.json */ = {isa = PBXFileReference; fileEncoding = 4; lastKnownFileType = text.json; name = MoviesArray.json; path = Movies/MoviesArray.json; sourceTree = "<group>"; };
		59CB8B051B19BA9F001A683C /* TableCell.h */ = {isa = PBXFileReference; fileEncoding = 4; lastKnownFileType = sourcecode.c.h; path = TableCell.h; sourceTree = "<group>"; };
		59CB8B061B19BA9F001A683C /* TableCell.m */ = {isa = PBXFileReference; fileEncoding = 4; lastKnownFileType = sourcecode.c.objc; path = TableCell.m; sourceTree = "<group>"; };
		59CB8B071B19BA9F001A683C /* Tall Films Expanded.ttf */ = {isa = PBXFileReference; lastKnownFileType = file; name = "Tall Films Expanded.ttf"; path = "Movies/Tall Films Expanded.ttf"; sourceTree = "<group>"; };
		59CB8B081B19BA9F001A683C /* TextFieldOutline.png */ = {isa = PBXFileReference; lastKnownFileType = image.png; name = TextFieldOutline.png; path = Movies/TextFieldOutline.png; sourceTree = "<group>"; };
		59CB8B091B19BA9F001A683C /* tick.png */ = {isa = PBXFileReference; lastKnownFileType = image.png; name = tick.png; path = Movies/tick.png; sourceTree = "<group>"; };
		59CB8B0A1B19BA9F001A683C /* topView.h */ = {isa = PBXFileReference; fileEncoding = 4; lastKnownFileType = sourcecode.c.h; path = topView.h; sourceTree = "<group>"; };
		59CB8B0B1B19BA9F001A683C /* topView.m */ = {isa = PBXFileReference; fileEncoding = 4; lastKnownFileType = sourcecode.c.objc; path = topView.m; sourceTree = "<group>"; };
		59CB8B0C1B19BA9F001A683C /* topView.xib */ = {isa = PBXFileReference; fileEncoding = 4; lastKnownFileType = file.xib; path = topView.xib; sourceTree = "<group>"; };
		59CB8B191B19BB7B001A683C /* TableViewController.h */ = {isa = PBXFileReference; fileEncoding = 4; lastKnownFileType = sourcecode.c.h; name = TableViewController.h; path = ../TableViewController.h; sourceTree = "<group>"; };
		59CB8B1A1B19BB7B001A683C /* TableViewController.m */ = {isa = PBXFileReference; fileEncoding = 4; lastKnownFileType = sourcecode.c.objc; name = TableViewController.m; path = ../TableViewController.m; sourceTree = "<group>"; };
		59CB8B1E1B19C902001A683C /* DetailViewController.h */ = {isa = PBXFileReference; fileEncoding = 4; lastKnownFileType = sourcecode.c.h; path = DetailViewController.h; sourceTree = "<group>"; };
		59CB8B1F1B19C902001A683C /* DetailViewController.m */ = {isa = PBXFileReference; fileEncoding = 4; lastKnownFileType = sourcecode.c.objc; path = DetailViewController.m; sourceTree = "<group>"; };
		59CB8B201B19C902001A683C /* ShowsTableViewController.h */ = {isa = PBXFileReference; fileEncoding = 4; lastKnownFileType = sourcecode.c.h; path = ShowsTableViewController.h; sourceTree = "<group>"; };
		59CB8B211B19C902001A683C /* ShowsTableViewController.m */ = {isa = PBXFileReference; fileEncoding = 4; lastKnownFileType = sourcecode.c.objc; path = ShowsTableViewController.m; sourceTree = "<group>"; };
		59CB8B221B19C902001A683C /* TableViewCell.h */ = {isa = PBXFileReference; fileEncoding = 4; lastKnownFileType = sourcecode.c.h; path = TableViewCell.h; sourceTree = "<group>"; };
		59CB8B231B19C902001A683C /* TableViewCell.m */ = {isa = PBXFileReference; fileEncoding = 4; lastKnownFileType = sourcecode.c.objc; path = TableViewCell.m; sourceTree = "<group>"; };
		59CB8B241B19C902001A683C /* topView2.h */ = {isa = PBXFileReference; fileEncoding = 4; lastKnownFileType = sourcecode.c.h; path = topView2.h; sourceTree = "<group>"; };
		59CB8B251B19C902001A683C /* topView2.m */ = {isa = PBXFileReference; fileEncoding = 4; lastKnownFileType = sourcecode.c.objc; path = topView2.m; sourceTree = "<group>"; };
		59CB8B261B19C902001A683C /* topView2.xib */ = {isa = PBXFileReference; fileEncoding = 4; lastKnownFileType = file.xib; path = topView2.xib; sourceTree = "<group>"; };
		59CB8B271B19C902001A683C /* TVIcon.png */ = {isa = PBXFileReference; lastKnownFileType = image.png; name = TVIcon.png; path = "Movies/TV Shows/TVIcon.png"; sourceTree = "<group>"; };
		59CB8B281B19C902001A683C /* TVShow.h */ = {isa = PBXFileReference; fileEncoding = 4; lastKnownFileType = sourcecode.c.h; path = TVShow.h; sourceTree = "<group>"; };
		59CB8B291B19C902001A683C /* TVShow.m */ = {isa = PBXFileReference; fileEncoding = 4; lastKnownFileType = sourcecode.c.objc; path = TVShow.m; sourceTree = "<group>"; };
		59CB8B2B1B19C902001A683C /* 12 Monkeys.jpg */ = {isa = PBXFileReference; lastKnownFileType = image.jpeg; path = "12 Monkeys.jpg"; sourceTree = "<group>"; };
		59CB8B2C1B19C902001A683C /* 24.jpg */ = {isa = PBXFileReference; lastKnownFileType = image.jpeg; path = 24.jpg; sourceTree = "<group>"; };
		59CB8B2D1B19C902001A683C /* American Horror Story.jpg */ = {isa = PBXFileReference; lastKnownFileType = image.jpeg; path = "American Horror Story.jpg"; sourceTree = "<group>"; };
		59CB8B2E1B19C902001A683C /* Archer.jpg */ = {isa = PBXFileReference; lastKnownFileType = image.jpeg; path = Archer.jpg; sourceTree = "<group>"; };
		59CB8B2F1B19C902001A683C /* Arrested Developement.jpg */ = {isa = PBXFileReference; lastKnownFileType = image.jpeg; path = "Arrested Developement.jpg"; sourceTree = "<group>"; };
		59CB8B301B19C902001A683C /* Arrow.jpg */ = {isa = PBXFileReference; lastKnownFileType = image.jpeg; path = Arrow.jpg; sourceTree = "<group>"; };
		59CB8B311B19C902001A683C /* Attack on Titan.jpg */ = {isa = PBXFileReference; lastKnownFileType = image.jpeg; path = "Attack on Titan.jpg"; sourceTree = "<group>"; };
		59CB8B321B19C902001A683C /* Bates Motel.jpg */ = {isa = PBXFileReference; lastKnownFileType = image.jpeg; path = "Bates Motel.jpg"; sourceTree = "<group>"; };
		59CB8B331B19C902001A683C /* Battlestar Galactica.jpg */ = {isa = PBXFileReference; lastKnownFileType = image.jpeg; path = "Battlestar Galactica.jpg"; sourceTree = "<group>"; };
		59CB8B341B19C902001A683C /* Better Call Saul.jpg */ = {isa = PBXFileReference; lastKnownFileType = image.jpeg; path = "Better Call Saul.jpg"; sourceTree = "<group>"; };
		59CB8B351B19C902001A683C /* Bones.jpg */ = {isa = PBXFileReference; lastKnownFileType = image.jpeg; path = Bones.jpg; sourceTree = "<group>"; };
		59CB8B361B19C902001A683C /* Boston Legal.jpg */ = {isa = PBXFileReference; lastKnownFileType = image.jpeg; path = "Boston Legal.jpg"; sourceTree = "<group>"; };
		59CB8B371B19C902001A683C /* Boy Meets World.jpg */ = {isa = PBXFileReference; lastKnownFileType = image.jpeg; path = "Boy Meets World.jpg"; sourceTree = "<group>"; };
		59CB8B381B19C902001A683C /* Breaking Bad.jpg */ = {isa = PBXFileReference; lastKnownFileType = image.jpeg; path = "Breaking Bad.jpg"; sourceTree = "<group>"; };
		59CB8B391B19C902001A683C /* Brooklyn Nine-Nine.jpg */ = {isa = PBXFileReference; lastKnownFileType = image.jpeg; path = "Brooklyn Nine-Nine.jpg"; sourceTree = "<group>"; };
		59CB8B3A1B19C902001A683C /* Buffy the Vampire Slayer.jpg */ = {isa = PBXFileReference; lastKnownFileType = image.jpeg; path = "Buffy the Vampire Slayer.jpg"; sourceTree = "<group>"; };
		59CB8B3B1B19C902001A683C /* Castle.jpg */ = {isa = PBXFileReference; lastKnownFileType = image.jpeg; path = Castle.jpg; sourceTree = "<group>"; };
		59CB8B3C1B19C902001A683C /* Community.jpg */ = {isa = PBXFileReference; lastKnownFileType = image.jpeg; path = Community.jpg; sourceTree = "<group>"; };
		59CB8B3D1B19C902001A683C /* Cosmos - A Personal Voyage.jpg */ = {isa = PBXFileReference; lastKnownFileType = image.jpeg; path = "Cosmos - A Personal Voyage.jpg"; sourceTree = "<group>"; };
		59CB8B3E1B19C902001A683C /* Cosmos - A Spacetime Odessy.jpg */ = {isa = PBXFileReference; lastKnownFileType = image.jpeg; path = "Cosmos - A Spacetime Odessy.jpg"; sourceTree = "<group>"; };
		59CB8B3F1B19C902001A683C /* Coupling.jpg */ = {isa = PBXFileReference; lastKnownFileType = image.jpeg; path = Coupling.jpg; sourceTree = "<group>"; };
		59CB8B401B19C902001A683C /* Criminal Minds.jpg */ = {isa = PBXFileReference; lastKnownFileType = image.jpeg; path = "Criminal Minds.jpg"; sourceTree = "<group>"; };
		59CB8B411B19C902001A683C /* Da Vinci's Demons.jpg */ = {isa = PBXFileReference; lastKnownFileType = image.jpeg; path = "Da Vinci's Demons.jpg"; sourceTree = "<group>"; };
		59CB8B431B19C902001A683C /* Death Note.jpg */ = {isa = PBXFileReference; lastKnownFileType = image.jpeg; path = "Death Note.jpg"; sourceTree = "<group>"; };
		59CB8B441B19C902001A683C /* Dexter.jpg */ = {isa = PBXFileReference; lastKnownFileType = image.jpeg; path = Dexter.jpg; sourceTree = "<group>"; };
		59CB8B451B19C902001A683C /* Doctor Who.jpg */ = {isa = PBXFileReference; lastKnownFileType = image.jpeg; path = "Doctor Who.jpg"; sourceTree = "<group>"; };
		59CB8B461B19C902001A683C /* Dragon Ball GT.jpg */ = {isa = PBXFileReference; lastKnownFileType = image.jpeg; path = "Dragon Ball GT.jpg"; sourceTree = "<group>"; };
		59CB8B471B19C902001A683C /* Dragon Ball Z.jpg */ = {isa = PBXFileReference; lastKnownFileType = image.jpeg; path = "Dragon Ball Z.jpg"; sourceTree = "<group>"; };
		59CB8B481B19C902001A683C /* Entourage.jpg */ = {isa = PBXFileReference; lastKnownFileType = image.jpeg; path = Entourage.jpg; sourceTree = "<group>"; };
		59CB8B491B19C902001A683C /* Fargo.jpg */ = {isa = PBXFileReference; lastKnownFileType = image.jpeg; path = Fargo.jpg; sourceTree = "<group>"; };
		59CB8B4A1B19C902001A683C /* Firefly.jpg */ = {isa = PBXFileReference; lastKnownFileType = image.jpeg; path = Firefly.jpg; sourceTree = "<group>"; };
		59CB8B4B1B19C902001A683C /* Friends.jpg */ = {isa = PBXFileReference; lastKnownFileType = image.jpeg; path = Friends.jpg; sourceTree = "<group>"; };
		59CB8B4C1B19C902001A683C /* Fringe.jpg */ = {isa = PBXFileReference; lastKnownFileType = image.jpeg; path = Fringe.jpg; sourceTree = "<group>"; };
		59CB8B4D1B19C902001A683C /* Game of Thrones.jpg */ = {isa = PBXFileReference; lastKnownFileType = image.jpeg; path = "Game of Thrones.jpg"; sourceTree = "<group>"; };
		59CB8B4E1B19C902001A683C /* Gotham.jpg */ = {isa = PBXFileReference; lastKnownFileType = image.jpeg; path = Gotham.jpg; sourceTree = "<group>"; };
		59CB8B4F1B19C902001A683C /* Gracepoint.jpg */ = {isa = PBXFileReference; lastKnownFileType = image.jpeg; path = Gracepoint.jpg; sourceTree = "<group>"; };
		59CB8B501B19C902001A683C /* Hannibal.jpg */ = {isa = PBXFileReference; lastKnownFileType = image.jpeg; path = Hannibal.jpg; sourceTree = "<group>"; };
		59CB8B511B19C902001A683C /* Homeland.jpg */ = {isa = PBXFileReference; lastKnownFileType = image.jpeg; path = Homeland.jpg; sourceTree = "<group>"; };
		59CB8B521B19C902001A683C /* House MD.jpg */ = {isa = PBXFileReference; lastKnownFileType = image.jpeg; path = "House MD.jpg"; sourceTree = "<group>"; };
		59CB8B531B19C902001A683C /* House of Cards.jpg */ = {isa = PBXFileReference; lastKnownFileType = image.jpeg; path = "House of Cards.jpg"; sourceTree = "<group>"; };
		59CB8B541B19C902001A683C /* How I Met Your Mother.jpg */ = {isa = PBXFileReference; lastKnownFileType = image.jpeg; path = "How I Met Your Mother.jpg"; sourceTree = "<group>"; };
		59CB8B551B19C902001A683C /* How to Get Away with Murder.jpg */ = {isa = PBXFileReference; lastKnownFileType = image.jpeg; path = "How to Get Away with Murder.jpg"; sourceTree = "<group>"; };
		59CB8B561B19C902001A683C /* Intelligence US.jpg */ = {isa = PBXFileReference; lastKnownFileType = image.jpeg; path = "Intelligence US.jpg"; sourceTree = "<group>"; };
		59CB8B571B19C902001A683C /* iZombie.jpg */ = {isa = PBXFileReference; lastKnownFileType = image.jpeg; path = iZombie.jpg; sourceTree = "<group>"; };
		59CB8B581B19C902001A683C /* Joey.jpg */ = {isa = PBXFileReference; lastKnownFileType = image.jpeg; path = Joey.jpg; sourceTree = "<group>"; };
		59CB8B591B19C902001A683C /* Mad Men.jpg */ = {isa = PBXFileReference; lastKnownFileType = image.jpeg; path = "Mad Men.jpg"; sourceTree = "<group>"; };
		59CB8B5A1B19C902001A683C /* Malcolm in the Middle.jpg */ = {isa = PBXFileReference; lastKnownFileType = image.jpeg; path = "Malcolm in the Middle.jpg"; sourceTree = "<group>"; };
		59CB8B5B1B19C902001A683C /* Marvel's Agent Carter.jpg */ = {isa = PBXFileReference; lastKnownFileType = image.jpeg; path = "Marvel's Agent Carter.jpg"; sourceTree = "<group>"; };
		59CB8B5C1B19C902001A683C /* Marvel's Agents of SHIELD.jpg */ = {isa = PBXFileReference; lastKnownFileType = image.jpeg; path = "Marvel's Agents of SHIELD.jpg"; sourceTree = "<group>"; };
		59CB8B5D1B19C902001A683C /* Masters of Sex.jpg */ = {isa = PBXFileReference; lastKnownFileType = image.jpeg; path = "Masters of Sex.jpg"; sourceTree = "<group>"; };
		59CB8B5E1B19C902001A683C /* Men At Work.jpg */ = {isa = PBXFileReference; lastKnownFileType = image.jpeg; path = "Men At Work.jpg"; sourceTree = "<group>"; };
		59CB8B5F1B19C902001A683C /* Modern Family.jpg */ = {isa = PBXFileReference; lastKnownFileType = image.jpeg; path = "Modern Family.jpg"; sourceTree = "<group>"; };
		59CB8B601B19C902001A683C /* Mr. Bean.jpg */ = {isa = PBXFileReference; lastKnownFileType = image.jpeg; path = "Mr. Bean.jpg"; sourceTree = "<group>"; };
		59CB8B611B19C902001A683C /* Olive Kitteridge.jpg */ = {isa = PBXFileReference; lastKnownFileType = image.jpeg; path = "Olive Kitteridge.jpg"; sourceTree = "<group>"; };
		59CB8B621B19C902001A683C /* Once Upon a Time.jpg */ = {isa = PBXFileReference; lastKnownFileType = image.jpeg; path = "Once Upon a Time.jpg"; sourceTree = "<group>"; };
		59CB8B631B19C902001A683C /* Orange is the New Black.jpg */ = {isa = PBXFileReference; lastKnownFileType = image.jpeg; path = "Orange is the New Black.jpg"; sourceTree = "<group>"; };
		59CB8B641B19C902001A683C /* Orphan Black.jpg */ = {isa = PBXFileReference; lastKnownFileType = image.jpeg; path = "Orphan Black.jpg"; sourceTree = "<group>"; };
		59CB8B651B19C902001A683C /* Parks and Recreation.jpg */ = {isa = PBXFileReference; lastKnownFileType = image.jpeg; path = "Parks and Recreation.jpg"; sourceTree = "<group>"; };
		59CB8B661B19C902001A683C /* Penny Dreadful.jpg */ = {isa = PBXFileReference; lastKnownFileType = image.jpeg; path = "Penny Dreadful.jpg"; sourceTree = "<group>"; };
		59CB8B671B19C902001A683C /* Person of Interest.jpg */ = {isa = PBXFileReference; lastKnownFileType = image.jpeg; path = "Person of Interest.jpg"; sourceTree = "<group>"; };
		59CB8B681B19C902001A683C /* Planet Earth.jpg */ = {isa = PBXFileReference; lastKnownFileType = image.jpeg; path = "Planet Earth.jpg"; sourceTree = "<group>"; };
		59CB8B691B19C902001A683C /* Prison Break.jpg */ = {isa = PBXFileReference; lastKnownFileType = image.jpeg; path = "Prison Break.jpg"; sourceTree = "<group>"; };
		59CB8B6A1B19C902001A683C /* Rick and Morty.jpg */ = {isa = PBXFileReference; lastKnownFileType = image.jpeg; path = "Rick and Morty.jpg"; sourceTree = "<group>"; };
		59CB8B6B1B19C902001A683C /* Seinfeld.jpg */ = {isa = PBXFileReference; lastKnownFileType = image.jpeg; path = Seinfeld.jpg; sourceTree = "<group>"; };
		59CB8B6C1B19C902001A683C /* Sherlock.jpg */ = {isa = PBXFileReference; lastKnownFileType = image.jpeg; path = Sherlock.jpg; sourceTree = "<group>"; };
		59CB8B6D1B19C902001A683C /* Silicon Valley.jpg */ = {isa = PBXFileReference; lastKnownFileType = image.jpeg; path = "Silicon Valley.jpg"; sourceTree = "<group>"; };
		59CB8B6E1B19C902001A683C /* Sleepy Hollow.jpg */ = {isa = PBXFileReference; lastKnownFileType = image.jpeg; path = "Sleepy Hollow.jpg"; sourceTree = "<group>"; };
		59CB8B6F1B19C902001A683C /* Spaced.jpg */ = {isa = PBXFileReference; lastKnownFileType = image.jpeg; path = Spaced.jpg; sourceTree = "<group>"; };
		59CB8B701B19C902001A683C /* Star Wars - The Clone Wars.jpg */ = {isa = PBXFileReference; lastKnownFileType = image.jpeg; path = "Star Wars - The Clone Wars.jpg"; sourceTree = "<group>"; };
		59CB8B711B19C902001A683C /* Star Wars Rebels.jpg */ = {isa = PBXFileReference; lastKnownFileType = image.jpeg; path = "Star Wars Rebels.jpg"; sourceTree = "<group>"; };
		59CB8B721B19C902001A683C /* The Adventures of Sherlock Holmes.jpg */ = {isa = PBXFileReference; lastKnownFileType = image.jpeg; path = "The Adventures of Sherlock Holmes.jpg"; sourceTree = "<group>"; };
		59CB8B731B19C902001A683C /* The Big Bang Theory.jpg */ = {isa = PBXFileReference; lastKnownFileType = image.jpeg; path = "The Big Bang Theory.jpg"; sourceTree = "<group>"; };
		59CB8B741B19C902001A683C /* The Blacklist.jpg */ = {isa = PBXFileReference; lastKnownFileType = image.jpeg; path = "The Blacklist.jpg"; sourceTree = "<group>"; };
		59CB8B751B19C902001A683C /* The Crazy Ones.jpg */ = {isa = PBXFileReference; lastKnownFileType = image.jpeg; path = "The Crazy Ones.jpg"; sourceTree = "<group>"; };
		59CB8B761B19C902001A683C /* The Cyanide and Happiness Show.jpg */ = {isa = PBXFileReference; lastKnownFileType = image.jpeg; path = "The Cyanide and Happiness Show.jpg"; sourceTree = "<group>"; };
		59CB8B771B19C902001A683C /* The Flash.jpg */ = {isa = PBXFileReference; lastKnownFileType = image.jpeg; path = "The Flash.jpg"; sourceTree = "<group>"; };
		59CB8B781B19C902001A683C /* The Following.jpg */ = {isa = PBXFileReference; lastKnownFileType = image.jpeg; path = "The Following.jpg"; sourceTree = "<group>"; };
		59CB8B791B19C902001A683C /* The IT Crowd.jpg */ = {isa = PBXFileReference; lastKnownFileType = image.jpeg; path = "The IT Crowd.jpg"; sourceTree = "<group>"; };
		59CB8B7A1B19C902001A683C /* The Last Man on Earth.jpg */ = {isa = PBXFileReference; lastKnownFileType = image.jpeg; path = "The Last Man on Earth.jpg"; sourceTree = "<group>"; };
		59CB8B7B1B19C902001A683C /* The Office.jpg */ = {isa = PBXFileReference; lastKnownFileType = image.jpeg; path = "The Office.jpg"; sourceTree = "<group>"; };
		59CB8B7C1B19C902001A683C /* The Thick of It.jpg */ = {isa = PBXFileReference; lastKnownFileType = image.jpeg; path = "The Thick of It.jpg"; sourceTree = "<group>"; };
		59CB8B7D1B19C902001A683C /* The Walking Dead.jpg */ = {isa = PBXFileReference; lastKnownFileType = image.jpeg; path = "The Walking Dead.jpg"; sourceTree = "<group>"; };
		59CB8B7E1B19C902001A683C /* The Wire.jpg */ = {isa = PBXFileReference; lastKnownFileType = image.jpeg; path = "The Wire.jpg"; sourceTree = "<group>"; };
		59CB8B7F1B19C902001A683C /* Torchwood.jpg */ = {isa = PBXFileReference; lastKnownFileType = image.jpeg; path = Torchwood.jpg; sourceTree = "<group>"; };
		59CB8B801B19C902001A683C /* True Blood.jpg */ = {isa = PBXFileReference; lastKnownFileType = image.jpeg; path = "True Blood.jpg"; sourceTree = "<group>"; };
		59CB8B811B19C902001A683C /* True Detective.jpg */ = {isa = PBXFileReference; lastKnownFileType = image.jpeg; path = "True Detective.jpg"; sourceTree = "<group>"; };
		59CB8B821B19C902001A683C /* Two and a Half Men.jpg */ = {isa = PBXFileReference; lastKnownFileType = image.jpeg; path = "Two and a Half Men.jpg"; sourceTree = "<group>"; };
		59CB8B831B19C902001A683C /* Under the Dome.jpg */ = {isa = PBXFileReference; lastKnownFileType = image.jpeg; path = "Under the Dome.jpg"; sourceTree = "<group>"; };
		59CB8B841B19C902001A683C /* Utopia.jpg */ = {isa = PBXFileReference; lastKnownFileType = image.jpeg; path = Utopia.jpg; sourceTree = "<group>"; };
		59CB8B851B19C902001A683C /* Vikings.jpg */ = {isa = PBXFileReference; lastKnownFileType = image.jpeg; path = Vikings.jpg; sourceTree = "<group>"; };
		59CB8B861B19C902001A683C /* White Collar.jpg */ = {isa = PBXFileReference; lastKnownFileType = image.jpeg; path = "White Collar.jpg"; sourceTree = "<group>"; };
		59CD31A51B1ED360007B4594 /* Angel.jpg */ = {isa = PBXFileReference; lastKnownFileType = image.jpeg; path = Angel.jpg; sourceTree = "<group>"; };
		59CD31A61B1ED360007B4594 /* Mr Robot.jpg */ = {isa = PBXFileReference; lastKnownFileType = image.jpeg; path = "Mr Robot.jpg"; sourceTree = "<group>"; };
		59DB700C1B2956190014C7FD /* OratorStd.otf */ = {isa = PBXFileReference; lastKnownFileType = file; name = OratorStd.otf; path = Movies/OratorStd.otf; sourceTree = "<group>"; };
		59DB700D1B2957140014C7FD /* LeagueGothic-Regular.otf */ = {isa = PBXFileReference; lastKnownFileType = file; name = "LeagueGothic-Regular.otf"; path = "Movies/LeagueGothic-Regular.otf"; sourceTree = "<group>"; };
		59DB700E1B2957140014C7FD /* Napoleodoni-Bold.ttf */ = {isa = PBXFileReference; lastKnownFileType = file; name = "Napoleodoni-Bold.ttf"; path = "Movies/Napoleodoni-Bold.ttf"; sourceTree = "<group>"; };
		59DB700F1B2957140014C7FD /* Supernatural_Knight.ttf */ = {isa = PBXFileReference; lastKnownFileType = file; name = Supernatural_Knight.ttf; path = Movies/Supernatural_Knight.ttf; sourceTree = "<group>"; };
		59DB70101B2957140014C7FD /* vibrocentric bd.ttf */ = {isa = PBXFileReference; lastKnownFileType = file; name = "vibrocentric bd.ttf"; path = "Movies/vibrocentric bd.ttf"; sourceTree = "<group>"; };
/* End PBXFileReference section */

/* Begin PBXFrameworksBuildPhase section */
		59CB8ACE1B19B99F001A683C /* Frameworks */ = {
			isa = PBXFrameworksBuildPhase;
			buildActionMask = 2147483647;
			files = (
			);
			runOnlyForDeploymentPostprocessing = 0;
		};
		59CB8AEA1B19B99F001A683C /* Frameworks */ = {
			isa = PBXFrameworksBuildPhase;
			buildActionMask = 2147483647;
			files = (
			);
			runOnlyForDeploymentPostprocessing = 0;
		};
/* End PBXFrameworksBuildPhase section */

/* Begin PBXGroup section */
		59CB8AC81B19B99F001A683C = {
			isa = PBXGroup;
			children = (
				59CB8AD31B19B99F001A683C /* Listing */,
				59CB8AF01B19B99F001A683C /* ListingTests */,
				59CB8AD21B19B99F001A683C /* Products */,
			);
			sourceTree = "<group>";
		};
		59CB8AD21B19B99F001A683C /* Products */ = {
			isa = PBXGroup;
			children = (
				59CB8AD11B19B99F001A683C /* Listing.app */,
				59CB8AED1B19B99F001A683C /* ListingTests.xctest */,
			);
			name = Products;
			sourceTree = "<group>";
		};
		59CB8AD31B19B99F001A683C /* Listing */ = {
			isa = PBXGroup;
			children = (
				59CB8AD81B19B99F001A683C /* AppDelegate.h */,
				59CB8AD91B19B99F001A683C /* AppDelegate.m */,
				59CB8B1D1B19C902001A683C /* TV Shows */,
				59CB8AFD1B19BA9F001A683C /* Movies */,
				59CB8B2A1B19C902001A683C /* TVImages */,
				59CB8AE11B19B99F001A683C /* Main.storyboard */,
				59CB8B021B19BA9F001A683C /* LaunchScreen.xib */,
				59CB8AE41B19B99F001A683C /* Images.xcassets */,
				59CB8AD41B19B99F001A683C /* Supporting Files */,
			);
			path = Listing;
			sourceTree = "<group>";
		};
		59CB8AD41B19B99F001A683C /* Supporting Files */ = {
			isa = PBXGroup;
			children = (
				598A2F5F1B1A323800E50202 /* TVList.json */,
				59CB8B271B19C902001A683C /* TVIcon.png */,
				59CB8B001B19BA9F001A683C /* DJB A Bit of Flaire.ttf */,
				59DB700C1B2956190014C7FD /* OratorStd.otf */,
				59DB700D1B2957140014C7FD /* LeagueGothic-Regular.otf */,
				59DB700E1B2957140014C7FD /* Napoleodoni-Bold.ttf */,
				59DB700F1B2957140014C7FD /* Supernatural_Knight.ttf */,
				59DB70101B2957140014C7FD /* vibrocentric bd.ttf */,
				59CB8B011B19BA9F001A683C /* EtelkaNarrowTextPro.otf */,
				59CB8B031B19BA9F001A683C /* MovieIcon.png */,
				59CB8B041B19BA9F001A683C /* MoviesArray.json */,
				59CB8B071B19BA9F001A683C /* Tall Films Expanded.ttf */,
				59CB8B081B19BA9F001A683C /* TextFieldOutline.png */,
				59CB8B091B19BA9F001A683C /* tick.png */,
				59CB8AD51B19B99F001A683C /* Info.plist */,
				59CB8AD61B19B99F001A683C /* main.m */,
			);
			name = "Supporting Files";
			sourceTree = "<group>";
		};
		59CB8AF01B19B99F001A683C /* ListingTests */ = {
			isa = PBXGroup;
			children = (
				59CB8AF31B19B99F001A683C /* ListingTests.m */,
				59CB8AF11B19B99F001A683C /* Supporting Files */,
			);
			path = ListingTests;
			sourceTree = "<group>";
		};
		59CB8AF11B19B99F001A683C /* Supporting Files */ = {
			isa = PBXGroup;
			children = (
				59CB8AF21B19B99F001A683C /* Info.plist */,
			);
			name = "Supporting Files";
			sourceTree = "<group>";
		};
		59CB8AFD1B19BA9F001A683C /* Movies */ = {
			isa = PBXGroup;
			children = (
				59CB8B191B19BB7B001A683C /* TableViewController.h */,
				59CB8B1A1B19BB7B001A683C /* TableViewController.m */,
				59CB8AFE1B19BA9F001A683C /* AddViewController.h */,
				59CB8AFF1B19BA9F001A683C /* AddViewController.m */,
				59CB8B051B19BA9F001A683C /* TableCell.h */,
				59CB8B061B19BA9F001A683C /* TableCell.m */,
				59CB8B0A1B19BA9F001A683C /* topView.h */,
				59CB8B0B1B19BA9F001A683C /* topView.m */,
				59CB8B0C1B19BA9F001A683C /* topView.xib */,
			);
			path = Movies;
			sourceTree = "<group>";
		};
		59CB8B1D1B19C902001A683C /* TV Shows */ = {
			isa = PBXGroup;
			children = (
				59CB8B201B19C902001A683C /* ShowsTableViewController.h */,
				59CB8B211B19C902001A683C /* ShowsTableViewController.m */,
				59CB8B1E1B19C902001A683C /* DetailViewController.h */,
				59CB8B1F1B19C902001A683C /* DetailViewController.m */,
				59CB8B221B19C902001A683C /* TableViewCell.h */,
				59CB8B231B19C902001A683C /* TableViewCell.m */,
				59CB8B241B19C902001A683C /* topView2.h */,
				59CB8B251B19C902001A683C /* topView2.m */,
				59CB8B261B19C902001A683C /* topView2.xib */,
				59CB8B281B19C902001A683C /* TVShow.h */,
				59CB8B291B19C902001A683C /* TVShow.m */,
			);
			name = "TV Shows";
			path = "Movies/TV Shows";
			sourceTree = "<group>";
		};
		59CB8B2A1B19C902001A683C /* TVImages */ = {
			isa = PBXGroup;
			children = (
				591139D71B26E46A007FDEAD /* Suits.jpg */,
				591139D91B26F038007FDEAD /* Sense8.jpg */,
				59CD31A51B1ED360007B4594 /* Angel.jpg */,
				59CD31A61B1ED360007B4594 /* Mr Robot.jpg */,
				5999E1C01B1CBD3E00F601C5 /* A Bit of Fry and Laurie.jpg */,
				5999E1C11B1CBD3E00F601C5 /* Ascension.jpg */,
				5999E1C21B1CBD3E00F601C5 /* Black Mirror.jpg */,
				5999E1C31B1CBD3E00F601C5 /* Burn Notice.jpg */,
				5999E1C41B1CBD3E00F601C5 /* Dollhouse.jpg */,
				5999E1C51B1CBD3E00F601C5 /* Downton Abbey.jpg */,
				5999E1C61B1CBD3E00F601C5 /* Empire.jpg */,
				5999E1C71B1CBD3E00F601C5 /* Helix.jpg */,
				5999E1C81B1CBD3E00F601C5 /* Popeye (75th Anniversary Collection).jpg */,
				5999E1C91B1CBD3E00F601C5 /* Scooby Doo.jpg */,
				5999E1CA1B1CBD3E00F601C5 /* Scorpion.jpg */,
				5999E1CB1B1CBD3E00F601C5 /* Scrubs.jpg */,
				5999E1CC1B1CBD3E00F601C5 /* Supergirl.jpg */,
				5999E1CD1B1CBD3E00F601C5 /* Supernatural.jpg */,
				5999E1CE1B1CBD3E00F601C5 /* The Flintstones.jpg */,
				5999E1CF1B1CBD3E00F601C5 /* The Simpsons.jpg */,
				5999E1D01B1CBD3E00F601C5 /* The Sopranos.jpg */,
				5999E1D11B1CBD3E00F601C5 /* Wayward Pines.jpg */,
				5999E1D21B1CBD3E00F601C5 /* Yes, Minister.jpg */,
				5999E1D31B1CBD3E00F601C5 /* Yes, Prime Minister.jpg */,
				59CB8B2B1B19C902001A683C /* 12 Monkeys.jpg */,
				59CB8B2C1B19C902001A683C /* 24.jpg */,
				59CB8B2D1B19C902001A683C /* American Horror Story.jpg */,
				59CB8B2E1B19C902001A683C /* Archer.jpg */,
				59CB8B2F1B19C902001A683C /* Arrested Developement.jpg */,
				59CB8B301B19C902001A683C /* Arrow.jpg */,
				59CB8B311B19C902001A683C /* Attack on Titan.jpg */,
				59CB8B321B19C902001A683C /* Bates Motel.jpg */,
				59CB8B331B19C902001A683C /* Battlestar Galactica.jpg */,
				59CB8B341B19C902001A683C /* Better Call Saul.jpg */,
				59CB8B351B19C902001A683C /* Bones.jpg */,
				59CB8B361B19C902001A683C /* Boston Legal.jpg */,
				59CB8B371B19C902001A683C /* Boy Meets World.jpg */,
				59CB8B381B19C902001A683C /* Breaking Bad.jpg */,
				59CB8B391B19C902001A683C /* Brooklyn Nine-Nine.jpg */,
				59CB8B3A1B19C902001A683C /* Buffy the Vampire Slayer.jpg */,
				59CB8B3B1B19C902001A683C /* Castle.jpg */,
				59CB8B3C1B19C902001A683C /* Community.jpg */,
				59CB8B3D1B19C902001A683C /* Cosmos - A Personal Voyage.jpg */,
				59CB8B3E1B19C902001A683C /* Cosmos - A Spacetime Odessy.jpg */,
				59CB8B3F1B19C902001A683C /* Coupling.jpg */,
				59CB8B401B19C902001A683C /* Criminal Minds.jpg */,
				59CB8B411B19C902001A683C /* Da Vinci's Demons.jpg */,
				59CB8B431B19C902001A683C /* Death Note.jpg */,
				59CB8B441B19C902001A683C /* Dexter.jpg */,
				59CB8B451B19C902001A683C /* Doctor Who.jpg */,
				59CB8B461B19C902001A683C /* Dragon Ball GT.jpg */,
				59CB8B471B19C902001A683C /* Dragon Ball Z.jpg */,
				59CB8B481B19C902001A683C /* Entourage.jpg */,
				59CB8B491B19C902001A683C /* Fargo.jpg */,
				59CB8B4A1B19C902001A683C /* Firefly.jpg */,
				59CB8B4B1B19C902001A683C /* Friends.jpg */,
				59CB8B4C1B19C902001A683C /* Fringe.jpg */,
				59CB8B4D1B19C902001A683C /* Game of Thrones.jpg */,
				59CB8B4E1B19C902001A683C /* Gotham.jpg */,
				59CB8B4F1B19C902001A683C /* Gracepoint.jpg */,
				59CB8B501B19C902001A683C /* Hannibal.jpg */,
				59CB8B511B19C902001A683C /* Homeland.jpg */,
				59CB8B521B19C902001A683C /* House MD.jpg */,
				59CB8B531B19C902001A683C /* House of Cards.jpg */,
				59CB8B541B19C902001A683C /* How I Met Your Mother.jpg */,
				59CB8B551B19C902001A683C /* How to Get Away with Murder.jpg */,
				59CB8B561B19C902001A683C /* Intelligence US.jpg */,
				59CB8B571B19C902001A683C /* iZombie.jpg */,
				59CB8B581B19C902001A683C /* Joey.jpg */,
				59CB8B591B19C902001A683C /* Mad Men.jpg */,
				59CB8B5A1B19C902001A683C /* Malcolm in the Middle.jpg */,
				59CB8B5B1B19C902001A683C /* Marvel's Agent Carter.jpg */,
				59CB8B5C1B19C902001A683C /* Marvel's Agents of SHIELD.jpg */,
				598A2F5D1B1A320F00E50202 /* Marvel's Daredevil.jpg */,
				59CB8B5D1B19C902001A683C /* Masters of Sex.jpg */,
				59CB8B5E1B19C902001A683C /* Men At Work.jpg */,
				59CB8B5F1B19C902001A683C /* Modern Family.jpg */,
				59CB8B601B19C902001A683C /* Mr. Bean.jpg */,
				59CB8B611B19C902001A683C /* Olive Kitteridge.jpg */,
				59CB8B621B19C902001A683C /* Once Upon a Time.jpg */,
				59CB8B631B19C902001A683C /* Orange is the New Black.jpg */,
				59CB8B641B19C902001A683C /* Orphan Black.jpg */,
				59CB8B651B19C902001A683C /* Parks and Recreation.jpg */,
				59CB8B661B19C902001A683C /* Penny Dreadful.jpg */,
				59CB8B671B19C902001A683C /* Person of Interest.jpg */,
				59CB8B681B19C902001A683C /* Planet Earth.jpg */,
				59CB8B691B19C902001A683C /* Prison Break.jpg */,
				59CB8B6A1B19C902001A683C /* Rick and Morty.jpg */,
				59CB8B6B1B19C902001A683C /* Seinfeld.jpg */,
				59CB8B6C1B19C902001A683C /* Sherlock.jpg */,
				59CB8B6D1B19C902001A683C /* Silicon Valley.jpg */,
				59CB8B6E1B19C902001A683C /* Sleepy Hollow.jpg */,
				59CB8B6F1B19C902001A683C /* Spaced.jpg */,
				59CB8B701B19C902001A683C /* Star Wars - The Clone Wars.jpg */,
				59CB8B711B19C902001A683C /* Star Wars Rebels.jpg */,
				59CB8B721B19C902001A683C /* The Adventures of Sherlock Holmes.jpg */,
				59CB8B731B19C902001A683C /* The Big Bang Theory.jpg */,
				59CB8B741B19C902001A683C /* The Blacklist.jpg */,
				59CB8B751B19C902001A683C /* The Crazy Ones.jpg */,
				59CB8B761B19C902001A683C /* The Cyanide and Happiness Show.jpg */,
				59CB8B771B19C902001A683C /* The Flash.jpg */,
				59CB8B781B19C902001A683C /* The Following.jpg */,
				59CB8B791B19C902001A683C /* The IT Crowd.jpg */,
				59CB8B7A1B19C902001A683C /* The Last Man on Earth.jpg */,
				59CB8B7B1B19C902001A683C /* The Office.jpg */,
				59CB8B7C1B19C902001A683C /* The Thick of It.jpg */,
				59CB8B7D1B19C902001A683C /* The Walking Dead.jpg */,
				59CB8B7E1B19C902001A683C /* The Wire.jpg */,
				59CB8B7F1B19C902001A683C /* Torchwood.jpg */,
				59CB8B801B19C902001A683C /* True Blood.jpg */,
				59CB8B811B19C902001A683C /* True Detective.jpg */,
				59CB8B821B19C902001A683C /* Two and a Half Men.jpg */,
				59CB8B831B19C902001A683C /* Under the Dome.jpg */,
				59CB8B841B19C902001A683C /* Utopia.jpg */,
				59CB8B851B19C902001A683C /* Vikings.jpg */,
				59CB8B861B19C902001A683C /* White Collar.jpg */,
			);
			name = TVImages;
			path = Movies/TVImages;
			sourceTree = "<group>";
		};
/* End PBXGroup section */

/* Begin PBXNativeTarget section */
		59CB8AD01B19B99F001A683C /* Listing */ = {
			isa = PBXNativeTarget;
			buildConfigurationList = 59CB8AF71B19B99F001A683C /* Build configuration list for PBXNativeTarget "Listing" */;
			buildPhases = (
				59CB8ACD1B19B99F001A683C /* Sources */,
				59CB8ACE1B19B99F001A683C /* Frameworks */,
				59CB8ACF1B19B99F001A683C /* Resources */,
			);
			buildRules = (
			);
			dependencies = (
			);
			name = Listing;
			productName = Listing;
			productReference = 59CB8AD11B19B99F001A683C /* Listing.app */;
			productType = "com.apple.product-type.application";
		};
		59CB8AEC1B19B99F001A683C /* ListingTests */ = {
			isa = PBXNativeTarget;
			buildConfigurationList = 59CB8AFA1B19B99F001A683C /* Build configuration list for PBXNativeTarget "ListingTests" */;
			buildPhases = (
				59CB8AE91B19B99F001A683C /* Sources */,
				59CB8AEA1B19B99F001A683C /* Frameworks */,
				59CB8AEB1B19B99F001A683C /* Resources */,
			);
			buildRules = (
			);
			dependencies = (
				59CB8AEF1B19B99F001A683C /* PBXTargetDependency */,
			);
			name = ListingTests;
			productName = ListingTests;
			productReference = 59CB8AED1B19B99F001A683C /* ListingTests.xctest */;
			productType = "com.apple.product-type.bundle.unit-test";
		};
/* End PBXNativeTarget section */

/* Begin PBXProject section */
		59CB8AC91B19B99F001A683C /* Project object */ = {
			isa = PBXProject;
			attributes = {
				LastUpgradeCheck = 0610;
				ORGANIZATIONNAME = avikantz;
				TargetAttributes = {
					59CB8AD01B19B99F001A683C = {
						CreatedOnToolsVersion = 6.1.1;
					};
					59CB8AEC1B19B99F001A683C = {
						CreatedOnToolsVersion = 6.1.1;
						TestTargetID = 59CB8AD01B19B99F001A683C;
					};
				};
			};
			buildConfigurationList = 59CB8ACC1B19B99F001A683C /* Build configuration list for PBXProject "Listing" */;
			compatibilityVersion = "Xcode 3.2";
			developmentRegion = English;
			hasScannedForEncodings = 0;
			knownRegions = (
				en,
				Base,
			);
			mainGroup = 59CB8AC81B19B99F001A683C;
			productRefGroup = 59CB8AD21B19B99F001A683C /* Products */;
			projectDirPath = "";
			projectRoot = "";
			targets = (
				59CB8AD01B19B99F001A683C /* Listing */,
				59CB8AEC1B19B99F001A683C /* ListingTests */,
			);
		};
/* End PBXProject section */

/* Begin PBXResourcesBuildPhase section */
		59CB8ACF1B19B99F001A683C /* Resources */ = {
			isa = PBXResourcesBuildPhase;
			buildActionMask = 2147483647;
			files = (
				59CB8B911B19C902001A683C /* Archer.jpg in Resources */,
				59CB8B8E1B19C902001A683C /* 12 Monkeys.jpg in Resources */,
				59CB8BBB1B19C902001A683C /* Joey.jpg in Resources */,
				59CB8AE31B19B99F001A683C /* Main.storyboard in Resources */,
				59CB8B141B19BA9F001A683C /* Tall Films Expanded.ttf in Resources */,
				59CB8BDF1B19C902001A683C /* The Thick of It.jpg in Resources */,
				59CB8BB91B19C902001A683C /* Intelligence US.jpg in Resources */,
				59CB8BC61B19C902001A683C /* Orange is the New Black.jpg in Resources */,
				59CB8B9B1B19C902001A683C /* Breaking Bad.jpg in Resources */,
				59CB8BAF1B19C902001A683C /* Fringe.jpg in Resources */,
				59CB8BE11B19C902001A683C /* The Wire.jpg in Resources */,
				59CB8B9A1B19C902001A683C /* Boy Meets World.jpg in Resources */,
				59CB8B9C1B19C902001A683C /* Brooklyn Nine-Nine.jpg in Resources */,
				59CB8B9F1B19C902001A683C /* Community.jpg in Resources */,
				59CB8BA21B19C902001A683C /* Coupling.jpg in Resources */,
				5999E1E71B1CBD3E00F601C5 /* Yes, Prime Minister.jpg in Resources */,
				59CB8BDB1B19C902001A683C /* The Following.jpg in Resources */,
				59CB8BD91B19C902001A683C /* The Cyanide and Happiness Show.jpg in Resources */,
				59CB8BA61B19C902001A683C /* Death Note.jpg in Resources */,
				59CB8BB61B19C902001A683C /* House of Cards.jpg in Resources */,
				59CB8BCC1B19C902001A683C /* Prison Break.jpg in Resources */,
				59CB8BB81B19C902001A683C /* How to Get Away with Murder.jpg in Resources */,
				59CB8BCD1B19C902001A683C /* Rick and Morty.jpg in Resources */,
				59CB8BB11B19C902001A683C /* Gotham.jpg in Resources */,
				59CB8B161B19BA9F001A683C /* tick.png in Resources */,
				59CB8BD71B19C902001A683C /* The Blacklist.jpg in Resources */,
				59CB8BE21B19C902001A683C /* Torchwood.jpg in Resources */,
				59CB8B931B19C902001A683C /* Arrow.jpg in Resources */,
				5999E1D51B1CBD3E00F601C5 /* Ascension.jpg in Resources */,
				59CB8BDA1B19C902001A683C /* The Flash.jpg in Resources */,
				59CB8BD51B19C902001A683C /* The Adventures of Sherlock Holmes.jpg in Resources */,
				5999E1E61B1CBD3E00F601C5 /* Yes, Minister.jpg in Resources */,
				5999E1E51B1CBD3E00F601C5 /* Wayward Pines.jpg in Resources */,
				5999E1DC1B1CBD3E00F601C5 /* Popeye (75th Anniversary Collection).jpg in Resources */,
				59CB8BD61B19C902001A683C /* The Big Bang Theory.jpg in Resources */,
				59CB8BD31B19C902001A683C /* Star Wars - The Clone Wars.jpg in Resources */,
				59CB8BE61B19C902001A683C /* Under the Dome.jpg in Resources */,
				591139DA1B26F038007FDEAD /* Sense8.jpg in Resources */,
				5999E1DD1B1CBD3E00F601C5 /* Scooby Doo.jpg in Resources */,
				59CB8BAB1B19C902001A683C /* Entourage.jpg in Resources */,
				59CB8B991B19C902001A683C /* Boston Legal.jpg in Resources */,
				5999E1E11B1CBD3E00F601C5 /* Supernatural.jpg in Resources */,
				59CB8BE01B19C902001A683C /* The Walking Dead.jpg in Resources */,
				59CB8BBD1B19C902001A683C /* Malcolm in the Middle.jpg in Resources */,
				5999E1E01B1CBD3E00F601C5 /* Supergirl.jpg in Resources */,
				59CB8BC11B19C902001A683C /* Men At Work.jpg in Resources */,
				59CB8BA91B19C902001A683C /* Dragon Ball GT.jpg in Resources */,
				59CB8BC51B19C902001A683C /* Once Upon a Time.jpg in Resources */,
				59CB8BDE1B19C902001A683C /* The Office.jpg in Resources */,
				5999E1D41B1CBD3E00F601C5 /* A Bit of Fry and Laurie.jpg in Resources */,
				598A2F5E1B1A320F00E50202 /* Marvel's Daredevil.jpg in Resources */,
				59CB8BA11B19C902001A683C /* Cosmos - A Spacetime Odessy.jpg in Resources */,
				59CB8BAD1B19C902001A683C /* Firefly.jpg in Resources */,
				59CB8BA81B19C902001A683C /* Doctor Who.jpg in Resources */,
				59CB8B971B19C902001A683C /* Better Call Saul.jpg in Resources */,
				5999E1D61B1CBD3E00F601C5 /* Black Mirror.jpg in Resources */,
				59CB8BCF1B19C902001A683C /* Sherlock.jpg in Resources */,
				59CB8BB01B19C902001A683C /* Game of Thrones.jpg in Resources */,
				59CB8BDC1B19C902001A683C /* The IT Crowd.jpg in Resources */,
				59CB8B121B19BA9F001A683C /* MoviesArray.json in Resources */,
				59CB8BC81B19C902001A683C /* Parks and Recreation.jpg in Resources */,
				59CB8B901B19C902001A683C /* American Horror Story.jpg in Resources */,
				59CB8BD81B19C902001A683C /* The Crazy Ones.jpg in Resources */,
				59CB8BC31B19C902001A683C /* Mr. Bean.jpg in Resources */,
				59CB8BD21B19C902001A683C /* Spaced.jpg in Resources */,
				5999E1E41B1CBD3E00F601C5 /* The Sopranos.jpg in Resources */,
				5999E1DF1B1CBD3E00F601C5 /* Scrubs.jpg in Resources */,
				59CB8B111B19BA9F001A683C /* MovieIcon.png in Resources */,
				59CB8BD11B19C902001A683C /* Sleepy Hollow.jpg in Resources */,
				5999E1DE1B1CBD3E00F601C5 /* Scorpion.jpg in Resources */,
				59CB8BE51B19C902001A683C /* Two and a Half Men.jpg in Resources */,
				5999E1E31B1CBD3E00F601C5 /* The Simpsons.jpg in Resources */,
				5999E1DB1B1CBD3E00F601C5 /* Helix.jpg in Resources */,
				59CB8B8B1B19C902001A683C /* topView2.xib in Resources */,
				5999E1DA1B1CBD3E00F601C5 /* Empire.jpg in Resources */,
				59CB8BA71B19C902001A683C /* Dexter.jpg in Resources */,
				59CB8BB41B19C902001A683C /* Homeland.jpg in Resources */,
				59CB8BAC1B19C902001A683C /* Fargo.jpg in Resources */,
				59CB8BAA1B19C902001A683C /* Dragon Ball Z.jpg in Resources */,
				59CB8BB51B19C902001A683C /* House MD.jpg in Resources */,
				59CB8BC21B19C902001A683C /* Modern Family.jpg in Resources */,
				59CB8BE91B19C902001A683C /* White Collar.jpg in Resources */,
				59CB8BB71B19C902001A683C /* How I Met Your Mother.jpg in Resources */,
				59CB8BC01B19C902001A683C /* Masters of Sex.jpg in Resources */,
				59CB8B0F1B19BA9F001A683C /* EtelkaNarrowTextPro.otf in Resources */,
				59CB8BD41B19C902001A683C /* Star Wars Rebels.jpg in Resources */,
				59CB8B941B19C902001A683C /* Attack on Titan.jpg in Resources */,
				59CB8B9E1B19C902001A683C /* Castle.jpg in Resources */,
				59CB8BC71B19C902001A683C /* Orphan Black.jpg in Resources */,
				59CB8BBF1B19C902001A683C /* Marvel's Agents of SHIELD.jpg in Resources */,
				59CB8BCA1B19C902001A683C /* Person of Interest.jpg in Resources */,
				59CD31A71B1ED360007B4594 /* Angel.jpg in Resources */,
				59CB8BDD1B19C902001A683C /* The Last Man on Earth.jpg in Resources */,
				59CB8BCB1B19C902001A683C /* Planet Earth.jpg in Resources */,
				59CB8BB31B19C902001A683C /* Hannibal.jpg in Resources */,
				59CB8BE31B19C902001A683C /* True Blood.jpg in Resources */,
				59CB8B961B19C902001A683C /* Battlestar Galactica.jpg in Resources */,
				59CD31A81B1ED360007B4594 /* Mr Robot.jpg in Resources */,
				59CB8AE51B19B99F001A683C /* Images.xcassets in Resources */,
				59CB8B981B19C902001A683C /* Bones.jpg in Resources */,
				59CB8BE71B19C902001A683C /* Utopia.jpg in Resources */,
				59CB8B101B19BA9F001A683C /* LaunchScreen.xib in Resources */,
				59CB8BE41B19C902001A683C /* True Detective.jpg in Resources */,
				59CB8BBE1B19C902001A683C /* Marvel's Agent Carter.jpg in Resources */,
				59CB8BAE1B19C902001A683C /* Friends.jpg in Resources */,
				59CB8BC91B19C902001A683C /* Penny Dreadful.jpg in Resources */,
				591139D81B26E46A007FDEAD /* Suits.jpg in Resources */,
				59CB8BA31B19C902001A683C /* Criminal Minds.jpg in Resources */,
				59CB8B921B19C902001A683C /* Arrested Developement.jpg in Resources */,
				59CB8B8F1B19C902001A683C /* 24.jpg in Resources */,
				5999E1D81B1CBD3E00F601C5 /* Dollhouse.jpg in Resources */,
				59CB8BBA1B19C902001A683C /* iZombie.jpg in Resources */,
				598A2F601B1A323800E50202 /* TVList.json in Resources */,
				59CB8B951B19C902001A683C /* Bates Motel.jpg in Resources */,
				59CB8B151B19BA9F001A683C /* TextFieldOutline.png in Resources */,
				5999E1E21B1CBD3E00F601C5 /* The Flintstones.jpg in Resources */,
				59CB8BA41B19C902001A683C /* Da Vinci's Demons.jpg in Resources */,
				59CB8BBC1B19C902001A683C /* Mad Men.jpg in Resources */,
				59CB8B8C1B19C902001A683C /* TVIcon.png in Resources */,
				59CB8B181B19BA9F001A683C /* topView.xib in Resources */,
				59CB8B0E1B19BA9F001A683C /* DJB A Bit of Flaire.ttf in Resources */,
				59CB8BCE1B19C902001A683C /* Seinfeld.jpg in Resources */,
				59CB8BA01B19C902001A683C /* Cosmos - A Personal Voyage.jpg in Resources */,
				59CB8B9D1B19C902001A683C /* Buffy the Vampire Slayer.jpg in Resources */,
				59CB8BC41B19C902001A683C /* Olive Kitteridge.jpg in Resources */,
				59CB8BE81B19C902001A683C /* Vikings.jpg in Resources */,
				5999E1D91B1CBD3E00F601C5 /* Downton Abbey.jpg in Resources */,
				59CB8BB21B19C902001A683C /* Gracepoint.jpg in Resources */,
				59CB8BD01B19C902001A683C /* Silicon Valley.jpg in Resources */,
				5999E1D71B1CBD3E00F601C5 /* Burn Notice.jpg in Resources */,
			);
			runOnlyForDeploymentPostprocessing = 0;
		};
		59CB8AEB1B19B99F001A683C /* Resources */ = {
			isa = PBXResourcesBuildPhase;
			buildActionMask = 2147483647;
			files = (
			);
			runOnlyForDeploymentPostprocessing = 0;
		};
/* End PBXResourcesBuildPhase section */

/* Begin PBXSourcesBuildPhase section */
		59CB8ACD1B19B99F001A683C /* Sources */ = {
			isa = PBXSourcesBuildPhase;
			buildActionMask = 2147483647;
			files = (
				59CB8B881B19C902001A683C /* ShowsTableViewController.m in Sources */,
				59CB8B131B19BA9F001A683C /* TableCell.m in Sources */,
				59CB8B0D1B19BA9F001A683C /* AddViewController.m in Sources */,
				59CB8ADA1B19B99F001A683C /* AppDelegate.m in Sources */,
				59CB8B891B19C902001A683C /* TableViewCell.m in Sources */,
				59CB8B8A1B19C902001A683C /* topView2.m in Sources */,
				59CB8B171B19BA9F001A683C /* topView.m in Sources */,
				59CB8AD71B19B99F001A683C /* main.m in Sources */,
				59CB8B1B1B19BB7B001A683C /* TableViewController.m in Sources */,
				59CB8B8D1B19C902001A683C /* TVShow.m in Sources */,
				59CB8B871B19C902001A683C /* DetailViewController.m in Sources */,
			);
			runOnlyForDeploymentPostprocessing = 0;
		};
		59CB8AE91B19B99F001A683C /* Sources */ = {
			isa = PBXSourcesBuildPhase;
			buildActionMask = 2147483647;
			files = (
				59CB8AF41B19B99F001A683C /* ListingTests.m in Sources */,
			);
			runOnlyForDeploymentPostprocessing = 0;
		};
/* End PBXSourcesBuildPhase section */

/* Begin PBXTargetDependency section */
		59CB8AEF1B19B99F001A683C /* PBXTargetDependency */ = {
			isa = PBXTargetDependency;
			target = 59CB8AD01B19B99F001A683C /* Listing */;
			targetProxy = 59CB8AEE1B19B99F001A683C /* PBXContainerItemProxy */;
		};
/* End PBXTargetDependency section */

/* Begin PBXVariantGroup section */
		59CB8AE11B19B99F001A683C /* Main.storyboard */ = {
			isa = PBXVariantGroup;
			children = (
				59CB8AE21B19B99F001A683C /* Base */,
			);
			name = Main.storyboard;
			sourceTree = "<group>";
		};
/* End PBXVariantGroup section */

/* Begin XCBuildConfiguration section */
		59CB8AF51B19B99F001A683C /* Debug */ = {
			isa = XCBuildConfiguration;
			buildSettings = {
				ALWAYS_SEARCH_USER_PATHS = NO;
				CLANG_CXX_LANGUAGE_STANDARD = "gnu++0x";
				CLANG_CXX_LIBRARY = "libc++";
				CLANG_ENABLE_MODULES = YES;
				CLANG_ENABLE_OBJC_ARC = YES;
				CLANG_WARN_BOOL_CONVERSION = YES;
				CLANG_WARN_CONSTANT_CONVERSION = YES;
				CLANG_WARN_DIRECT_OBJC_ISA_USAGE = YES_ERROR;
				CLANG_WARN_EMPTY_BODY = YES;
				CLANG_WARN_ENUM_CONVERSION = YES;
				CLANG_WARN_INT_CONVERSION = YES;
				CLANG_WARN_OBJC_ROOT_CLASS = YES_ERROR;
				CLANG_WARN_UNREACHABLE_CODE = YES;
				CLANG_WARN__DUPLICATE_METHOD_MATCH = YES;
				"CODE_SIGN_IDENTITY[sdk=iphoneos*]" = "iPhone Developer";
				COPY_PHASE_STRIP = NO;
				ENABLE_STRICT_OBJC_MSGSEND = YES;
				GCC_C_LANGUAGE_STANDARD = gnu99;
				GCC_DYNAMIC_NO_PIC = NO;
				GCC_OPTIMIZATION_LEVEL = 0;
				GCC_PREPROCESSOR_DEFINITIONS = (
					"DEBUG=1",
					"$(inherited)",
				);
				GCC_SYMBOLS_PRIVATE_EXTERN = NO;
				GCC_WARN_64_TO_32_BIT_CONVERSION = YES;
				GCC_WARN_ABOUT_RETURN_TYPE = YES_ERROR;
				GCC_WARN_UNDECLARED_SELECTOR = YES;
				GCC_WARN_UNINITIALIZED_AUTOS = YES_AGGRESSIVE;
				GCC_WARN_UNUSED_FUNCTION = YES;
				GCC_WARN_UNUSED_VARIABLE = YES;
				IPHONEOS_DEPLOYMENT_TARGET = 8.1;
				MTL_ENABLE_DEBUG_INFO = YES;
				ONLY_ACTIVE_ARCH = YES;
				SDKROOT = iphoneos;
				TARGETED_DEVICE_FAMILY = "1,2";
			};
			name = Debug;
		};
		59CB8AF61B19B99F001A683C /* Release */ = {
			isa = XCBuildConfiguration;
			buildSettings = {
				ALWAYS_SEARCH_USER_PATHS = NO;
				CLANG_CXX_LANGUAGE_STANDARD = "gnu++0x";
				CLANG_CXX_LIBRARY = "libc++";
				CLANG_ENABLE_MODULES = YES;
				CLANG_ENABLE_OBJC_ARC = YES;
				CLANG_WARN_BOOL_CONVERSION = YES;
				CLANG_WARN_CONSTANT_CONVERSION = YES;
				CLANG_WARN_DIRECT_OBJC_ISA_USAGE = YES_ERROR;
				CLANG_WARN_EMPTY_BODY = YES;
				CLANG_WARN_ENUM_CONVERSION = YES;
				CLANG_WARN_INT_CONVERSION = YES;
				CLANG_WARN_OBJC_ROOT_CLASS = YES_ERROR;
				CLANG_WARN_UNREACHABLE_CODE = YES;
				CLANG_WARN__DUPLICATE_METHOD_MATCH = YES;
				"CODE_SIGN_IDENTITY[sdk=iphoneos*]" = "iPhone Developer";
				COPY_PHASE_STRIP = YES;
				ENABLE_NS_ASSERTIONS = NO;
				ENABLE_STRICT_OBJC_MSGSEND = YES;
				GCC_C_LANGUAGE_STANDARD = gnu99;
				GCC_WARN_64_TO_32_BIT_CONVERSION = YES;
				GCC_WARN_ABOUT_RETURN_TYPE = YES_ERROR;
				GCC_WARN_UNDECLARED_SELECTOR = YES;
				GCC_WARN_UNINITIALIZED_AUTOS = YES_AGGRESSIVE;
				GCC_WARN_UNUSED_FUNCTION = YES;
				GCC_WARN_UNUSED_VARIABLE = YES;
				IPHONEOS_DEPLOYMENT_TARGET = 8.1;
				MTL_ENABLE_DEBUG_INFO = NO;
				SDKROOT = iphoneos;
				TARGETED_DEVICE_FAMILY = "1,2";
				VALIDATE_PRODUCT = YES;
			};
			name = Release;
		};
		59CB8AF81B19B99F001A683C /* Debug */ = {
			isa = XCBuildConfiguration;
			buildSettings = {
				ASSETCATALOG_COMPILER_APPICON_NAME = AppIcon;
				INFOPLIST_FILE = Listing/Info.plist;
				IPHONEOS_DEPLOYMENT_TARGET = 7.0;
				LD_RUNPATH_SEARCH_PATHS = "$(inherited) @executable_path/Frameworks";
				PRODUCT_NAME = "$(TARGET_NAME)";
			};
			name = Debug;
		};
		59CB8AF91B19B99F001A683C /* Release */ = {
			isa = XCBuildConfiguration;
			buildSettings = {
				ASSETCATALOG_COMPILER_APPICON_NAME = AppIcon;
				INFOPLIST_FILE = Listing/Info.plist;
				IPHONEOS_DEPLOYMENT_TARGET = 7.0;
				LD_RUNPATH_SEARCH_PATHS = "$(inherited) @executable_path/Frameworks";
				PRODUCT_NAME = "$(TARGET_NAME)";
			};
			name = Release;
		};
		59CB8AFB1B19B99F001A683C /* Debug */ = {
			isa = XCBuildConfiguration;
			buildSettings = {
				BUNDLE_LOADER = "$(TEST_HOST)";
				FRAMEWORK_SEARCH_PATHS = (
					"$(SDKROOT)/Developer/Library/Frameworks",
					"$(inherited)",
				);
				GCC_PREPROCESSOR_DEFINITIONS = (
					"DEBUG=1",
					"$(inherited)",
				);
				INFOPLIST_FILE = ListingTests/Info.plist;
				LD_RUNPATH_SEARCH_PATHS = "$(inherited) @executable_path/Frameworks @loader_path/Frameworks";
				PRODUCT_NAME = "$(TARGET_NAME)";
				TEST_HOST = "$(BUILT_PRODUCTS_DIR)/Listing.app/Listing";
			};
			name = Debug;
		};
		59CB8AFC1B19B99F001A683C /* Release */ = {
			isa = XCBuildConfiguration;
			buildSettings = {
				BUNDLE_LOADER = "$(TEST_HOST)";
				FRAMEWORK_SEARCH_PATHS = (
					"$(SDKROOT)/Developer/Library/Frameworks",
					"$(inherited)",
				);
				INFOPLIST_FILE = ListingTests/Info.plist;
				LD_RUNPATH_SEARCH_PATHS = "$(inherited) @executable_path/Frameworks @loader_path/Frameworks";
				PRODUCT_NAME = "$(TARGET_NAME)";
				TEST_HOST = "$(BUILT_PRODUCTS_DIR)/Listing.app/Listing";
			};
			name = Release;
		};
/* End XCBuildConfiguration section */

/* Begin XCConfigurationList section */
		59CB8ACC1B19B99F001A683C /* Build configuration list for PBXProject "Listing" */ = {
			isa = XCConfigurationList;
			buildConfigurations = (
				59CB8AF51B19B99F001A683C /* Debug */,
				59CB8AF61B19B99F001A683C /* Release */,
			);
			defaultConfigurationIsVisible = 0;
			defaultConfigurationName = Release;
		};
		59CB8AF71B19B99F001A683C /* Build configuration list for PBXNativeTarget "Listing" */ = {
			isa = XCConfigurationList;
			buildConfigurations = (
				59CB8AF81B19B99F001A683C /* Debug */,
				59CB8AF91B19B99F001A683C /* Release */,
			);
			defaultConfigurationIsVisible = 0;
			defaultConfigurationName = Release;
		};
		59CB8AFA1B19B99F001A683C /* Build configuration list for PBXNativeTarget "ListingTests" */ = {
			isa = XCConfigurationList;
			buildConfigurations = (
				59CB8AFB1B19B99F001A683C /* Debug */,
				59CB8AFC1B19B99F001A683C /* Release */,
			);
			defaultConfigurationIsVisible = 0;
			defaultConfigurationName = Release;
		};
/* End XCConfigurationList section */
	};
	rootObject = 59CB8AC91B19B99F001A683C /* Project object */;
}
